
Microsoft Visual Studio Solution File, Format Version 12.00
# Visual Studio Version 17
VisualStudioVersion = 17.4.33213.308
MinimumVisualStudioVersion = 10.0.40219.1
Project("{9A19103F-16F7-4668-BE54-9A1E7A4F7556}") = "UsdToBgn", "Exercises\UsdToBgn\UsdToBgn.csproj", "{D20857A8-3306-4F57-8FF5-784C196D2177}"
EndProject
Project("{9A19103F-16F7-4668-BE54-9A1E7A4F7556}") = "DepositsCalculator", "Exercises\DepositsCalculator\DepositsCalculator.csproj", "{D354200F-1B3A-4A34-BEC0-4B20DB08F3AF}"
EndProject
Project("{9A19103F-16F7-4668-BE54-9A1E7A4F7556}") = "Literature", "Exercises\Literature\Literature.csproj", "{F67B59D1-616B-4A86-96B7-5CEC8BE1BC55}"
EndProject
Project("{9A19103F-16F7-4668-BE54-9A1E7A4F7556}") = "SuppliesForSchool", "Exercises\SuppliesForSchool\SuppliesForSchool.csproj", "{87003AB6-D301-4D2B-80CA-304134EDEAC2}"
EndProject
Project("{9A19103F-16F7-4668-BE54-9A1E7A4F7556}") = "Repainting", "Exercises\Repainting\Repainting.csproj", "{D84367DC-E7B7-4249-B4A2-F083E289FD66}"
EndProject
Project("{9A19103F-16F7-4668-BE54-9A1E7A4F7556}") = "FoodDelivery", "Exercises\FoodDelivery\FoodDelivery.csproj", "{A5A2DF5E-1C5A-4D44-ADF1-9DC5E63AFBD2}"
EndProject
Project("{9A19103F-16F7-4668-BE54-9A1E7A4F7556}") = "BasketballEquipment", "Exercises\BasketballEquipment\BasketballEquipment.csproj", "{A620439E-B302-4426-AFA1-001141722664}"
EndProject
Project("{9A19103F-16F7-4668-BE54-9A1E7A4F7556}") = "FishTank", "Exercises\FishTank\FishTank.csproj", "{8CED5513-6527-47D9-ADC3-96C90FFDE616}"
EndProject
Project("{9A19103F-16F7-4668-BE54-9A1E7A4F7556}") = "RadiansToDegrees", "Exercises\RadiansToDegrees\RadiansToDegrees.csproj", "{35E6E572-8566-4677-8FFD-D3088380E163}"
EndProject
Project("{2150E333-8FDC-42A3-9474-1A3956D46DE8}") = "Exercises", "Exercises", "{72CE7EF2-F853-4857-A557-DF7DED6165BA}"
EndProject
Project("{2150E333-8FDC-42A3-9474-1A3956D46DE8}") = "Labs", "Labs", "{8ED0119D-3517-4CD3-BBB1-54F3C5D8D19C}"
EndProject
Project("{FAE04EC0-301F-11D3-BF4B-00C04F79EFBC}") = "HelloSoftUni", "Labs\HelloSoftUni\HelloSoftUni.csproj", "{C05BAD18-EE31-42A2-92CB-91BDA25FF556}"
EndProject
Project("{FAE04EC0-301F-11D3-BF4B-00C04F79EFBC}") = "NumsFrom1To10", "Labs\NumsFrom1To10\NumsFrom1To10.csproj", "{A83F5A25-14AB-4538-A305-473DBA8262FD}"
EndProject
Project("{FAE04EC0-301F-11D3-BF4B-00C04F79EFBC}") = "RectangleArea", "Labs\RectangleArea\RectangleArea.csproj", "{33F6E854-7CED-4071-A827-3F3D6992E278}"
EndProject
Project("{FAE04EC0-301F-11D3-BF4B-00C04F79EFBC}") = "InchesToCentimeters", "Labs\InchesToCentimeters\InchesToCentimeters.csproj", "{D87DAF1B-153F-4349-ACBA-BFCB97AD3D20}"
EndProject
Project("{FAE04EC0-301F-11D3-BF4B-00C04F79EFBC}") = "GreetingByName", "Labs\GreetingByName\GreetingByName.csproj", "{276A0DD0-1B4D-479D-ACBF-E731D466B61A}"
EndProject
Project("{FAE04EC0-301F-11D3-BF4B-00C04F79EFBC}") = "ConcatenateData", "Labs\ConcatenateData\ConcatenateData.csproj", "{DD00832C-C6D8-4C66-B196-971E69686A2A}"
EndProject
Project("{FAE04EC0-301F-11D3-BF4B-00C04F79EFBC}") = "ProjectsCreation", "Labs\ProjectsCreation\ProjectsCreation.csproj", "{946B4D9B-78E6-4C43-A30C-811B61B74162}"
EndProject
Project("{FAE04EC0-301F-11D3-BF4B-00C04F79EFBC}") = "PetShop", "Labs\PetShop\PetShop.csproj", "{A2D0EB42-1C4D-4099-9BD2-DFB3321A4EEE}"
EndProject
Project("{FAE04EC0-301F-11D3-BF4B-00C04F79EFBC}") = "YardGreening", "Labs\YardGreening\YardGreening.csproj", "{0A60A99D-B360-4028-9D3C-589552FE7884}"
EndProject
Global
	GlobalSection(SolutionConfigurationPlatforms) = preSolution
		Debug|Any CPU = Debug|Any CPU
		Release|Any CPU = Release|Any CPU
	EndGlobalSection
	GlobalSection(ProjectConfigurationPlatforms) = postSolution
		{D20857A8-3306-4F57-8FF5-784C196D2177}.Debug|Any CPU.ActiveCfg = Debug|Any CPU
		{D20857A8-3306-4F57-8FF5-784C196D2177}.Debug|Any CPU.Build.0 = Debug|Any CPU
		{D20857A8-3306-4F57-8FF5-784C196D2177}.Release|Any CPU.ActiveCfg = Release|Any CPU
		{D20857A8-3306-4F57-8FF5-784C196D2177}.Release|Any CPU.Build.0 = Release|Any CPU
		{D354200F-1B3A-4A34-BEC0-4B20DB08F3AF}.Debug|Any CPU.ActiveCfg = Debug|Any CPU
		{D354200F-1B3A-4A34-BEC0-4B20DB08F3AF}.Debug|Any CPU.Build.0 = Debug|Any CPU
		{D354200F-1B3A-4A34-BEC0-4B20DB08F3AF}.Release|Any CPU.ActiveCfg = Release|Any CPU
		{D354200F-1B3A-4A34-BEC0-4B20DB08F3AF}.Release|Any CPU.Build.0 = Release|Any CPU
		{F67B59D1-616B-4A86-96B7-5CEC8BE1BC55}.Debug|Any CPU.ActiveCfg = Debug|Any CPU
		{F67B59D1-616B-4A86-96B7-5CEC8BE1BC55}.Debug|Any CPU.Build.0 = Debug|Any CPU
		{F67B59D1-616B-4A86-96B7-5CEC8BE1BC55}.Release|Any CPU.ActiveCfg = Release|Any CPU
		{F67B59D1-616B-4A86-96B7-5CEC8BE1BC55}.Release|Any CPU.Build.0 = Release|Any CPU
		{87003AB6-D301-4D2B-80CA-304134EDEAC2}.Debug|Any CPU.ActiveCfg = Debug|Any CPU
		{87003AB6-D301-4D2B-80CA-304134EDEAC2}.Debug|Any CPU.Build.0 = Debug|Any CPU
		{87003AB6-D301-4D2B-80CA-304134EDEAC2}.Release|Any CPU.ActiveCfg = Release|Any CPU
		{87003AB6-D301-4D2B-80CA-304134EDEAC2}.Release|Any CPU.Build.0 = Release|Any CPU
		{D84367DC-E7B7-4249-B4A2-F083E289FD66}.Debug|Any CPU.ActiveCfg = Debug|Any CPU
		{D84367DC-E7B7-4249-B4A2-F083E289FD66}.Debug|Any CPU.Build.0 = Debug|Any CPU
		{D84367DC-E7B7-4249-B4A2-F083E289FD66}.Release|Any CPU.ActiveCfg = Release|Any CPU
		{D84367DC-E7B7-4249-B4A2-F083E289FD66}.Release|Any CPU.Build.0 = Release|Any CPU
		{A5A2DF5E-1C5A-4D44-ADF1-9DC5E63AFBD2}.Debug|Any CPU.ActiveCfg = Debug|Any CPU
		{A5A2DF5E-1C5A-4D44-ADF1-9DC5E63AFBD2}.Debug|Any CPU.Build.0 = Debug|Any CPU
		{A5A2DF5E-1C5A-4D44-ADF1-9DC5E63AFBD2}.Release|Any CPU.ActiveCfg = Release|Any CPU
		{A5A2DF5E-1C5A-4D44-ADF1-9DC5E63AFBD2}.Release|Any CPU.Build.0 = Release|Any CPU
		{A620439E-B302-4426-AFA1-001141722664}.Debug|Any CPU.ActiveCfg = Debug|Any CPU
		{A620439E-B302-4426-AFA1-001141722664}.Debug|Any CPU.Build.0 = Debug|Any CPU
		{A620439E-B302-4426-AFA1-001141722664}.Release|Any CPU.ActiveCfg = Release|Any CPU
		{A620439E-B302-4426-AFA1-001141722664}.Release|Any CPU.Build.0 = Release|Any CPU
		{8CED5513-6527-47D9-ADC3-96C90FFDE616}.Debug|Any CPU.ActiveCfg = Debug|Any CPU
		{8CED5513-6527-47D9-ADC3-96C90FFDE616}.Debug|Any CPU.Build.0 = Debug|Any CPU
		{8CED5513-6527-47D9-ADC3-96C90FFDE616}.Release|Any CPU.ActiveCfg = Release|Any CPU
		{8CED5513-6527-47D9-ADC3-96C90FFDE616}.Release|Any CPU.Build.0 = Release|Any CPU
		{35E6E572-8566-4677-8FFD-D3088380E163}.Debug|Any CPU.ActiveCfg = Debug|Any CPU
		{35E6E572-8566-4677-8FFD-D3088380E163}.Debug|Any CPU.Build.0 = Debug|Any CPU
		{35E6E572-8566-4677-8FFD-D3088380E163}.Release|Any CPU.ActiveCfg = Release|Any CPU
		{35E6E572-8566-4677-8FFD-D3088380E163}.Release|Any CPU.Build.0 = Release|Any CPU
		{C05BAD18-EE31-42A2-92CB-91BDA25FF556}.Debug|Any CPU.ActiveCfg = Debug|Any CPU
		{C05BAD18-EE31-42A2-92CB-91BDA25FF556}.Debug|Any CPU.Build.0 = Debug|Any CPU
		{C05BAD18-EE31-42A2-92CB-91BDA25FF556}.Release|Any CPU.ActiveCfg = Release|Any CPU
		{C05BAD18-EE31-42A2-92CB-91BDA25FF556}.Release|Any CPU.Build.0 = Release|Any CPU
		{A83F5A25-14AB-4538-A305-473DBA8262FD}.Debug|Any CPU.ActiveCfg = Debug|Any CPU
		{A83F5A25-14AB-4538-A305-473DBA8262FD}.Debug|Any CPU.Build.0 = Debug|Any CPU
		{A83F5A25-14AB-4538-A305-473DBA8262FD}.Release|Any CPU.ActiveCfg = Release|Any CPU
		{A83F5A25-14AB-4538-A305-473DBA8262FD}.Release|Any CPU.Build.0 = Release|Any CPU
		{33F6E854-7CED-4071-A827-3F3D6992E278}.Debug|Any CPU.ActiveCfg = Debug|Any CPU
		{33F6E854-7CED-4071-A827-3F3D6992E278}.Debug|Any CPU.Build.0 = Debug|Any CPU
		{33F6E854-7CED-4071-A827-3F3D6992E278}.Release|Any CPU.ActiveCfg = Release|Any CPU
		{33F6E854-7CED-4071-A827-3F3D6992E278}.Release|Any CPU.Build.0 = Release|Any CPU
		{D87DAF1B-153F-4349-ACBA-BFCB97AD3D20}.Debug|Any CPU.ActiveCfg = Debug|Any CPU
		{D87DAF1B-153F-4349-ACBA-BFCB97AD3D20}.Debug|Any CPU.Build.0 = Debug|Any CPU
		{D87DAF1B-153F-4349-ACBA-BFCB97AD3D20}.Release|Any CPU.ActiveCfg = Release|Any CPU
		{D87DAF1B-153F-4349-ACBA-BFCB97AD3D20}.Release|Any CPU.Build.0 = Release|Any CPU
		{276A0DD0-1B4D-479D-ACBF-E731D466B61A}.Debug|Any CPU.ActiveCfg = Debug|Any CPU
		{276A0DD0-1B4D-479D-ACBF-E731D466B61A}.Debug|Any CPU.Build.0 = Debug|Any CPU
		{276A0DD0-1B4D-479D-ACBF-E731D466B61A}.Release|Any CPU.ActiveCfg = Release|Any CPU
		{276A0DD0-1B4D-479D-ACBF-E731D466B61A}.Release|Any CPU.Build.0 = Release|Any CPU
		{DD00832C-C6D8-4C66-B196-971E69686A2A}.Debug|Any CPU.ActiveCfg = Debug|Any CPU
		{DD00832C-C6D8-4C66-B196-971E69686A2A}.Debug|Any CPU.Build.0 = Debug|Any CPU
		{DD00832C-C6D8-4C66-B196-971E69686A2A}.Release|Any CPU.ActiveCfg = Release|Any CPU
		{DD00832C-C6D8-4C66-B196-971E69686A2A}.Release|Any CPU.Build.0 = Release|Any CPU
		{946B4D9B-78E6-4C43-A30C-811B61B74162}.Debug|Any CPU.ActiveCfg = Debug|Any CPU
		{946B4D9B-78E6-4C43-A30C-811B61B74162}.Debug|Any CPU.Build.0 = Debug|Any CPU
		{946B4D9B-78E6-4C43-A30C-811B61B74162}.Release|Any CPU.ActiveCfg = Release|Any CPU
		{946B4D9B-78E6-4C43-A30C-811B61B74162}.Release|Any CPU.Build.0 = Release|Any CPU
		{A2D0EB42-1C4D-4099-9BD2-DFB3321A4EEE}.Debug|Any CPU.ActiveCfg = Debug|Any CPU
		{A2D0EB42-1C4D-4099-9BD2-DFB3321A4EEE}.Debug|Any CPU.Build.0 = Debug|Any CPU
		{A2D0EB42-1C4D-4099-9BD2-DFB3321A4EEE}.Release|Any CPU.ActiveCfg = Release|Any CPU
		{A2D0EB42-1C4D-4099-9BD2-DFB3321A4EEE}.Release|Any CPU.Build.0 = Release|Any CPU
		{0A60A99D-B360-4028-9D3C-589552FE7884}.Debug|Any CPU.ActiveCfg = Debug|Any CPU
		{0A60A99D-B360-4028-9D3C-589552FE7884}.Debug|Any CPU.Build.0 = Debug|Any CPU
		{0A60A99D-B360-4028-9D3C-589552FE7884}.Release|Any CPU.ActiveCfg = Release|Any CPU
		{0A60A99D-B360-4028-9D3C-589552FE7884}.Release|Any CPU.Build.0 = Release|Any CPU
	EndGlobalSection
	GlobalSection(SolutionProperties) = preSolution
		HideSolutionNode = FALSE
	EndGlobalSection
	GlobalSection(NestedProjects) = preSolution
		{D20857A8-3306-4F57-8FF5-784C196D2177} = {72CE7EF2-F853-4857-A557-DF7DED6165BA}
		{D354200F-1B3A-4A34-BEC0-4B20DB08F3AF} = {72CE7EF2-F853-4857-A557-DF7DED6165BA}
		{F67B59D1-616B-4A86-96B7-5CEC8BE1BC55} = {72CE7EF2-F853-4857-A557-DF7DED6165BA}
		{87003AB6-D301-4D2B-80CA-304134EDEAC2} = {72CE7EF2-F853-4857-A557-DF7DED6165BA}
		{D84367DC-E7B7-4249-B4A2-F083E289FD66} = {72CE7EF2-F853-4857-A557-DF7DED6165BA}
		{A5A2DF5E-1C5A-4D44-ADF1-9DC5E63AFBD2} = {72CE7EF2-F853-4857-A557-DF7DED6165BA}
		{A620439E-B302-4426-AFA1-001141722664} = {72CE7EF2-F853-4857-A557-DF7DED6165BA}
		{8CED5513-6527-47D9-ADC3-96C90FFDE616} = {72CE7EF2-F853-4857-A557-DF7DED6165BA}
		{35E6E572-8566-4677-8FFD-D3088380E163} = {72CE7EF2-F853-4857-A557-DF7DED6165BA}
		{C05BAD18-EE31-42A2-92CB-91BDA25FF556} = {8ED0119D-3517-4CD3-BBB1-54F3C5D8D19C}
		{A83F5A25-14AB-4538-A305-473DBA8262FD} = {8ED0119D-3517-4CD3-BBB1-54F3C5D8D19C}
		{33F6E854-7CED-4071-A827-3F3D6992E278} = {8ED0119D-3517-4CD3-BBB1-54F3C5D8D19C}
		{D87DAF1B-153F-4349-ACBA-BFCB97AD3D20} = {8ED0119D-3517-4CD3-BBB1-54F3C5D8D19C}
		{276A0DD0-1B4D-479D-ACBF-E731D466B61A} = {8ED0119D-3517-4CD3-BBB1-54F3C5D8D19C}
		{DD00832C-C6D8-4C66-B196-971E69686A2A} = {8ED0119D-3517-4CD3-BBB1-54F3C5D8D19C}
		{946B4D9B-78E6-4C43-A30C-811B61B74162} = {8ED0119D-3517-4CD3-BBB1-54F3C5D8D19C}
		{A2D0EB42-1C4D-4099-9BD2-DFB3321A4EEE} = {8ED0119D-3517-4CD3-BBB1-54F3C5D8D19C}
		{0A60A99D-B360-4028-9D3C-589552FE7884} = {8ED0119D-3517-4CD3-BBB1-54F3C5D8D19C}
	EndGlobalSection
	GlobalSection(ExtensibilityGlobals) = postSolution
		SolutionGuid = {D630A2F0-8044-4B35-AE57-37F6324FA9B9}
	EndGlobalSection
EndGlobal
