
Microsoft Visual Studio Solution File, Format Version 12.00
Project("{2150E333-8FDC-42A3-9474-1A3956D46DE8}") = "Exercises", "Exercises", "{6ED6CF0D-8AAD-4726-8A07-046C73459E90}"
EndProject
Project("{FAE04EC0-301F-11D3-BF4B-00C04F79EFBC}") = "Vehicles", "Exercises\Vehicles\Vehicles.csproj", "{C4894E2C-38D7-4EB1-984B-377D9E910978}"
EndProject
Project("{FAE04EC0-301F-11D3-BF4B-00C04F79EFBC}") = "Vehicles.II", "Exercises\Vehicles.II\Vehicles.II.csproj", "{0C5405A0-D3F3-4D13-B697-68C1D37148EB}"
EndProject
Global
	GlobalSection(SolutionConfigurationPlatforms) = preSolution
		Debug|Any CPU = Debug|Any CPU
		Release|Any CPU = Release|Any CPU
	EndGlobalSection
	GlobalSection(NestedProjects) = preSolution
		{C4894E2C-38D7-4EB1-984B-377D9E910978} = {6ED6CF0D-8AAD-4726-8A07-046C73459E90}
		{0C5405A0-D3F3-4D13-B697-68C1D37148EB} = {6ED6CF0D-8AAD-4726-8A07-046C73459E90}
	EndGlobalSection
	GlobalSection(ProjectConfigurationPlatforms) = postSolution
		{C4894E2C-38D7-4EB1-984B-377D9E910978}.Debug|Any CPU.ActiveCfg = Debug|Any CPU
		{C4894E2C-38D7-4EB1-984B-377D9E910978}.Debug|Any CPU.Build.0 = Debug|Any CPU
		{C4894E2C-38D7-4EB1-984B-377D9E910978}.Release|Any CPU.ActiveCfg = Release|Any CPU
		{C4894E2C-38D7-4EB1-984B-377D9E910978}.Release|Any CPU.Build.0 = Release|Any CPU
		{0C5405A0-D3F3-4D13-B697-68C1D37148EB}.Debug|Any CPU.ActiveCfg = Debug|Any CPU
		{0C5405A0-D3F3-4D13-B697-68C1D37148EB}.Debug|Any CPU.Build.0 = Debug|Any CPU
		{0C5405A0-D3F3-4D13-B697-68C1D37148EB}.Release|Any CPU.ActiveCfg = Release|Any CPU
		{0C5405A0-D3F3-4D13-B697-68C1D37148EB}.Release|Any CPU.Build.0 = Release|Any CPU
	EndGlobalSection
EndGlobal
