
Microsoft Visual Studio Solution File, Format Version 12.00
# Visual Studio Version 17
VisualStudioVersion = 17.11.35327.3
MinimumVisualStudioVersion = 10.0.40219.1
Project("{FAE04EC0-301F-11D3-BF4B-00C04F79EFBC}") = "ChickenSnack", "ChickenSnack\ChickenSnack.csproj", "{C992AB25-8F3C-4507-9102-816A8D25387B}"
EndProject
Project("{FAE04EC0-301F-11D3-BF4B-00C04F79EFBC}") = "ClearSkies", "ClearSkies\ClearSkies.csproj", "{7C64C32C-BB6A-41D7-B7CA-B54BD07A0B1B}"
EndProject
Project("{FAE04EC0-301F-11D3-BF4B-00C04F79EFBC}") = "SharkTaxonomy", "SharkTaxonomy\SharkTaxonomy.csproj", "{7BDD6016-9A1E-4500-B45C-4E6B0874E4FB}"
EndProject
Global
	GlobalSection(SolutionConfigurationPlatforms) = preSolution
		Debug|Any CPU = Debug|Any CPU
		Release|Any CPU = Release|Any CPU
	EndGlobalSection
	GlobalSection(ProjectConfigurationPlatforms) = postSolution
		{C992AB25-8F3C-4507-9102-816A8D25387B}.Debug|Any CPU.ActiveCfg = Debug|Any CPU
		{C992AB25-8F3C-4507-9102-816A8D25387B}.Debug|Any CPU.Build.0 = Debug|Any CPU
		{C992AB25-8F3C-4507-9102-816A8D25387B}.Release|Any CPU.ActiveCfg = Release|Any CPU
		{C992AB25-8F3C-4507-9102-816A8D25387B}.Release|Any CPU.Build.0 = Release|Any CPU
		{7C64C32C-BB6A-41D7-B7CA-B54BD07A0B1B}.Debug|Any CPU.ActiveCfg = Debug|Any CPU
		{7C64C32C-BB6A-41D7-B7CA-B54BD07A0B1B}.Debug|Any CPU.Build.0 = Debug|Any CPU
		{7C64C32C-BB6A-41D7-B7CA-B54BD07A0B1B}.Release|Any CPU.ActiveCfg = Release|Any CPU
		{7C64C32C-BB6A-41D7-B7CA-B54BD07A0B1B}.Release|Any CPU.Build.0 = Release|Any CPU
		{7BDD6016-9A1E-4500-B45C-4E6B0874E4FB}.Debug|Any CPU.ActiveCfg = Debug|Any CPU
		{7BDD6016-9A1E-4500-B45C-4E6B0874E4FB}.Debug|Any CPU.Build.0 = Debug|Any CPU
		{7BDD6016-9A1E-4500-B45C-4E6B0874E4FB}.Release|Any CPU.ActiveCfg = Release|Any CPU
		{7BDD6016-9A1E-4500-B45C-4E6B0874E4FB}.Release|Any CPU.Build.0 = Release|Any CPU
	EndGlobalSection
	GlobalSection(SolutionProperties) = preSolution
		HideSolutionNode = FALSE
	EndGlobalSection
	GlobalSection(ExtensibilityGlobals) = postSolution
		SolutionGuid = {E2892E7B-4015-45C7-AC0A-E570A6407D17}
	EndGlobalSection
EndGlobal
