
Microsoft Visual Studio Solution File, Format Version 12.00
Project("{2150E333-8FDC-42A3-9474-1A3956D46DE8}") = "Exercises", "Exercises", "{D8A6CAEE-19BC-495D-96FC-309A7FB6769E}"
EndProject
Project("{FAE04EC0-301F-11D3-BF4B-00C04F79EFBC}") = "Box", "Exercises\Box\Box.csproj", "{C504DD02-76DA-4C7E-962E-F8CB8C6833C8}"
EndProject
Project("{FAE04EC0-301F-11D3-BF4B-00C04F79EFBC}") = "AnimalFarm", "Exercises\AnimalFarm\AnimalFarm.csproj", "{FF61583D-8509-4DCD-90F4-FD9D1DC0797D}"
EndProject
Project("{FAE04EC0-301F-11D3-BF4B-00C04F79EFBC}") = "ShoppingSpree", "Exercises\ShoppingSpree\ShoppingSpree.csproj", "{41055AB7-F64F-431E-85AC-B002D21B3AF4}"
EndProject
Project("{FAE04EC0-301F-11D3-BF4B-00C04F79EFBC}") = "PizzaCalories", "Exercises\PizzaCalories\PizzaCalories.csproj", "{94E706BA-C1B4-4B1C-9AB3-7C421E1A63CF}"
EndProject
Global
	GlobalSection(SolutionConfigurationPlatforms) = preSolution
		Debug|Any CPU = Debug|Any CPU
		Release|Any CPU = Release|Any CPU
	EndGlobalSection
	GlobalSection(NestedProjects) = preSolution
		{C504DD02-76DA-4C7E-962E-F8CB8C6833C8} = {D8A6CAEE-19BC-495D-96FC-309A7FB6769E}
		{FF61583D-8509-4DCD-90F4-FD9D1DC0797D} = {D8A6CAEE-19BC-495D-96FC-309A7FB6769E}
		{41055AB7-F64F-431E-85AC-B002D21B3AF4} = {D8A6CAEE-19BC-495D-96FC-309A7FB6769E}
		{94E706BA-C1B4-4B1C-9AB3-7C421E1A63CF} = {D8A6CAEE-19BC-495D-96FC-309A7FB6769E}
	EndGlobalSection
	GlobalSection(ProjectConfigurationPlatforms) = postSolution
		{C504DD02-76DA-4C7E-962E-F8CB8C6833C8}.Debug|Any CPU.ActiveCfg = Debug|Any CPU
		{C504DD02-76DA-4C7E-962E-F8CB8C6833C8}.Debug|Any CPU.Build.0 = Debug|Any CPU
		{C504DD02-76DA-4C7E-962E-F8CB8C6833C8}.Release|Any CPU.ActiveCfg = Release|Any CPU
		{C504DD02-76DA-4C7E-962E-F8CB8C6833C8}.Release|Any CPU.Build.0 = Release|Any CPU
		{FF61583D-8509-4DCD-90F4-FD9D1DC0797D}.Debug|Any CPU.ActiveCfg = Debug|Any CPU
		{FF61583D-8509-4DCD-90F4-FD9D1DC0797D}.Debug|Any CPU.Build.0 = Debug|Any CPU
		{FF61583D-8509-4DCD-90F4-FD9D1DC0797D}.Release|Any CPU.ActiveCfg = Release|Any CPU
		{FF61583D-8509-4DCD-90F4-FD9D1DC0797D}.Release|Any CPU.Build.0 = Release|Any CPU
		{41055AB7-F64F-431E-85AC-B002D21B3AF4}.Debug|Any CPU.ActiveCfg = Debug|Any CPU
		{41055AB7-F64F-431E-85AC-B002D21B3AF4}.Debug|Any CPU.Build.0 = Debug|Any CPU
		{41055AB7-F64F-431E-85AC-B002D21B3AF4}.Release|Any CPU.ActiveCfg = Release|Any CPU
		{41055AB7-F64F-431E-85AC-B002D21B3AF4}.Release|Any CPU.Build.0 = Release|Any CPU
		{94E706BA-C1B4-4B1C-9AB3-7C421E1A63CF}.Debug|Any CPU.ActiveCfg = Debug|Any CPU
		{94E706BA-C1B4-4B1C-9AB3-7C421E1A63CF}.Debug|Any CPU.Build.0 = Debug|Any CPU
		{94E706BA-C1B4-4B1C-9AB3-7C421E1A63CF}.Release|Any CPU.ActiveCfg = Release|Any CPU
		{94E706BA-C1B4-4B1C-9AB3-7C421E1A63CF}.Release|Any CPU.Build.0 = Release|Any CPU
	EndGlobalSection
EndGlobal
