
Microsoft Visual Studio Solution File, Format Version 12.00
# Visual Studio Version 17
VisualStudioVersion = 17.9.34622.214
MinimumVisualStudioVersion = 10.0.40219.1
Project("{2150E333-8FDC-42A3-9474-1A3956D46DE8}") = "Labs", "Labs", "{E2A0381D-8931-4356-BC94-5E2541AD323B}"
EndProject
Project("{FAE04EC0-301F-11D3-BF4B-00C04F79EFBC}") = "NumbersFrom1To100", "Labs\NumbersFrom1To100\NumbersFrom1To100.csproj", "{605B0C0D-FEBE-4AA6-9EF8-2D34297A4B34}"
EndProject
Project("{FAE04EC0-301F-11D3-BF4B-00C04F79EFBC}") = "NumbersFromNTo1", "Labs\NumbersFromNTo1\NumbersFromNTo1.csproj", "{BCA0A060-2B09-407A-8C27-0DF885205398}"
EndProject
Project("{FAE04EC0-301F-11D3-BF4B-00C04F79EFBC}") = "NumbersFrom1ToNWithStep3", "Labs\NumbersFrom1ToNWithStep3\NumbersFrom1ToNWithStep3.csproj", "{792A470C-A540-4CAD-970C-0E9E5D36242A}"
EndProject
Project("{FAE04EC0-301F-11D3-BF4B-00C04F79EFBC}") = "EvenPowersOf2", "Labs\EvenPowersOf2\EvenPowersOf2.csproj", "{5FDF58EC-A62E-4D38-8595-4D843542E049}"
EndProject
Project("{FAE04EC0-301F-11D3-BF4B-00C04F79EFBC}") = "CharacterSequence", "Labs\CharacterSequence\CharacterSequence.csproj", "{9E0118D5-41C2-4619-AC25-CE9579E48EE3}"
EndProject
Project("{FAE04EC0-301F-11D3-BF4B-00C04F79EFBC}") = "VowelsSum", "Labs\VowelsSum\VowelsSum.csproj", "{58400D19-1CC4-4070-9600-B797B2BDA459}"
EndProject
Project("{FAE04EC0-301F-11D3-BF4B-00C04F79EFBC}") = "SumNumbers", "Labs\SumNumbers\SumNumbers.csproj", "{7917EDF1-E447-42B3-8930-714161385999}"
EndProject
Project("{FAE04EC0-301F-11D3-BF4B-00C04F79EFBC}") = "NumberSequence", "Labs\NumberSequence\NumberSequence.csproj", "{30AE5839-F12A-4171-A055-9F59811EE780}"
EndProject
Project("{FAE04EC0-301F-11D3-BF4B-00C04F79EFBC}") = "LeftRightSum", "Labs\LeftRightSum\LeftRightSum.csproj", "{35FAD6EC-78F9-4057-8B3A-EAFE3E88D37F}"
EndProject
Project("{FAE04EC0-301F-11D3-BF4B-00C04F79EFBC}") = "OddEvenSum", "Labs\OddEvenSum\OddEvenSum.csproj", "{EEBF23F5-263C-496E-9587-72937A7813F0}"
EndProject
Global
	GlobalSection(SolutionConfigurationPlatforms) = preSolution
		Debug|Any CPU = Debug|Any CPU
		Release|Any CPU = Release|Any CPU
	EndGlobalSection
	GlobalSection(ProjectConfigurationPlatforms) = postSolution
		{605B0C0D-FEBE-4AA6-9EF8-2D34297A4B34}.Debug|Any CPU.ActiveCfg = Debug|Any CPU
		{605B0C0D-FEBE-4AA6-9EF8-2D34297A4B34}.Debug|Any CPU.Build.0 = Debug|Any CPU
		{605B0C0D-FEBE-4AA6-9EF8-2D34297A4B34}.Release|Any CPU.ActiveCfg = Release|Any CPU
		{605B0C0D-FEBE-4AA6-9EF8-2D34297A4B34}.Release|Any CPU.Build.0 = Release|Any CPU
		{BCA0A060-2B09-407A-8C27-0DF885205398}.Debug|Any CPU.ActiveCfg = Debug|Any CPU
		{BCA0A060-2B09-407A-8C27-0DF885205398}.Debug|Any CPU.Build.0 = Debug|Any CPU
		{BCA0A060-2B09-407A-8C27-0DF885205398}.Release|Any CPU.ActiveCfg = Release|Any CPU
		{BCA0A060-2B09-407A-8C27-0DF885205398}.Release|Any CPU.Build.0 = Release|Any CPU
		{792A470C-A540-4CAD-970C-0E9E5D36242A}.Debug|Any CPU.ActiveCfg = Debug|Any CPU
		{792A470C-A540-4CAD-970C-0E9E5D36242A}.Debug|Any CPU.Build.0 = Debug|Any CPU
		{792A470C-A540-4CAD-970C-0E9E5D36242A}.Release|Any CPU.ActiveCfg = Release|Any CPU
		{792A470C-A540-4CAD-970C-0E9E5D36242A}.Release|Any CPU.Build.0 = Release|Any CPU
		{5FDF58EC-A62E-4D38-8595-4D843542E049}.Debug|Any CPU.ActiveCfg = Debug|Any CPU
		{5FDF58EC-A62E-4D38-8595-4D843542E049}.Debug|Any CPU.Build.0 = Debug|Any CPU
		{5FDF58EC-A62E-4D38-8595-4D843542E049}.Release|Any CPU.ActiveCfg = Release|Any CPU
		{5FDF58EC-A62E-4D38-8595-4D843542E049}.Release|Any CPU.Build.0 = Release|Any CPU
		{9E0118D5-41C2-4619-AC25-CE9579E48EE3}.Debug|Any CPU.ActiveCfg = Debug|Any CPU
		{9E0118D5-41C2-4619-AC25-CE9579E48EE3}.Debug|Any CPU.Build.0 = Debug|Any CPU
		{9E0118D5-41C2-4619-AC25-CE9579E48EE3}.Release|Any CPU.ActiveCfg = Release|Any CPU
		{9E0118D5-41C2-4619-AC25-CE9579E48EE3}.Release|Any CPU.Build.0 = Release|Any CPU
		{58400D19-1CC4-4070-9600-B797B2BDA459}.Debug|Any CPU.ActiveCfg = Debug|Any CPU
		{58400D19-1CC4-4070-9600-B797B2BDA459}.Debug|Any CPU.Build.0 = Debug|Any CPU
		{58400D19-1CC4-4070-9600-B797B2BDA459}.Release|Any CPU.ActiveCfg = Release|Any CPU
		{58400D19-1CC4-4070-9600-B797B2BDA459}.Release|Any CPU.Build.0 = Release|Any CPU
		{7917EDF1-E447-42B3-8930-714161385999}.Debug|Any CPU.ActiveCfg = Debug|Any CPU
		{7917EDF1-E447-42B3-8930-714161385999}.Debug|Any CPU.Build.0 = Debug|Any CPU
		{7917EDF1-E447-42B3-8930-714161385999}.Release|Any CPU.ActiveCfg = Release|Any CPU
		{7917EDF1-E447-42B3-8930-714161385999}.Release|Any CPU.Build.0 = Release|Any CPU
		{30AE5839-F12A-4171-A055-9F59811EE780}.Debug|Any CPU.ActiveCfg = Debug|Any CPU
		{30AE5839-F12A-4171-A055-9F59811EE780}.Debug|Any CPU.Build.0 = Debug|Any CPU
		{30AE5839-F12A-4171-A055-9F59811EE780}.Release|Any CPU.ActiveCfg = Release|Any CPU
		{30AE5839-F12A-4171-A055-9F59811EE780}.Release|Any CPU.Build.0 = Release|Any CPU
		{35FAD6EC-78F9-4057-8B3A-EAFE3E88D37F}.Debug|Any CPU.ActiveCfg = Debug|Any CPU
		{35FAD6EC-78F9-4057-8B3A-EAFE3E88D37F}.Debug|Any CPU.Build.0 = Debug|Any CPU
		{35FAD6EC-78F9-4057-8B3A-EAFE3E88D37F}.Release|Any CPU.ActiveCfg = Release|Any CPU
		{35FAD6EC-78F9-4057-8B3A-EAFE3E88D37F}.Release|Any CPU.Build.0 = Release|Any CPU
		{EEBF23F5-263C-496E-9587-72937A7813F0}.Debug|Any CPU.ActiveCfg = Debug|Any CPU
		{EEBF23F5-263C-496E-9587-72937A7813F0}.Debug|Any CPU.Build.0 = Debug|Any CPU
		{EEBF23F5-263C-496E-9587-72937A7813F0}.Release|Any CPU.ActiveCfg = Release|Any CPU
		{EEBF23F5-263C-496E-9587-72937A7813F0}.Release|Any CPU.Build.0 = Release|Any CPU
	EndGlobalSection
	GlobalSection(SolutionProperties) = preSolution
		HideSolutionNode = FALSE
	EndGlobalSection
	GlobalSection(NestedProjects) = preSolution
		{605B0C0D-FEBE-4AA6-9EF8-2D34297A4B34} = {E2A0381D-8931-4356-BC94-5E2541AD323B}
		{BCA0A060-2B09-407A-8C27-0DF885205398} = {E2A0381D-8931-4356-BC94-5E2541AD323B}
		{792A470C-A540-4CAD-970C-0E9E5D36242A} = {E2A0381D-8931-4356-BC94-5E2541AD323B}
		{5FDF58EC-A62E-4D38-8595-4D843542E049} = {E2A0381D-8931-4356-BC94-5E2541AD323B}
		{9E0118D5-41C2-4619-AC25-CE9579E48EE3} = {E2A0381D-8931-4356-BC94-5E2541AD323B}
		{58400D19-1CC4-4070-9600-B797B2BDA459} = {E2A0381D-8931-4356-BC94-5E2541AD323B}
		{7917EDF1-E447-42B3-8930-714161385999} = {E2A0381D-8931-4356-BC94-5E2541AD323B}
		{30AE5839-F12A-4171-A055-9F59811EE780} = {E2A0381D-8931-4356-BC94-5E2541AD323B}
		{35FAD6EC-78F9-4057-8B3A-EAFE3E88D37F} = {E2A0381D-8931-4356-BC94-5E2541AD323B}
		{EEBF23F5-263C-496E-9587-72937A7813F0} = {E2A0381D-8931-4356-BC94-5E2541AD323B}
	EndGlobalSection
	GlobalSection(ExtensibilityGlobals) = postSolution
		SolutionGuid = {11A6B587-124C-48A3-9EA6-EBA862E79A38}
	EndGlobalSection
EndGlobal
