
Microsoft Visual Studio Solution File, Format Version 12.00
# Visual Studio Version 17
VisualStudioVersion = 17.7.34024.191
MinimumVisualStudioVersion = 10.0.40219.1
Project("{8BC9CEB8-8B4A-11D0-8D11-00A0C91BC942}") = "SumSeconds", "Exercises\SumSeconds\SumSeconds.vcxproj", "{FDFDA777-FF2B-46B8-A270-13D53E872B3A}"
EndProject
Project("{8BC9CEB8-8B4A-11D0-8D11-00A0C91BC942}") = "BonusScore", "Exercises\BonusScore\BonusScore.vcxproj", "{DA2BF543-486B-42E6-A19A-5A92B1525B74}"
EndProject
Project("{8BC9CEB8-8B4A-11D0-8D11-00A0C91BC942}") = "ToyShop", "Exercises\ToyShop\ToyShop.vcxproj", "{B320CAD5-6BD4-4001-BECB-F5545A35DAF2}"
EndProject
Project("{8BC9CEB8-8B4A-11D0-8D11-00A0C91BC942}") = "GodzillaVsKong", "Exercises\GodzillaVsKong\GodzillaVsKong.vcxproj", "{B20D77A6-11B3-4EDD-86E1-49E3802D5156}"
EndProject
Project("{8BC9CEB8-8B4A-11D0-8D11-00A0C91BC942}") = "WorldSwimmingRecord", "Exercises\WorldSwimmingRecord\WorldSwimmingRecord.vcxproj", "{8708DD66-1F22-4A67-8DF0-132A05857D21}"
EndProject
Project("{8BC9CEB8-8B4A-11D0-8D11-00A0C91BC942}") = "LunchBreak", "Exercises\LunchBreak\LunchBreak.vcxproj", "{6C3E310B-0CA8-45E2-967E-A52821A29D12}"
EndProject
Project("{8BC9CEB8-8B4A-11D0-8D11-00A0C91BC942}") = "Add15Minutes", "Exercises\Add15Minutes\Add15Minutes.vcxproj", "{A31FC9E4-FC42-4F81-9F25-1B8B207972E4}"
EndProject
Project("{8BC9CEB8-8B4A-11D0-8D11-00A0C91BC942}") = "Shopping", "Exercises\Shopping\Shopping.vcxproj", "{81D98104-7CC6-4B4B-89CA-CD8F557C1992}"
EndProject
Project("{2150E333-8FDC-42A3-9474-1A3956D46DE8}") = "Labs", "Labs", "{E425B400-F1EE-4FD0-A888-CC77E7519AEB}"
EndProject
Project("{2150E333-8FDC-42A3-9474-1A3956D46DE8}") = "Exercises", "Exercises", "{A8C0DA31-5DE6-43E0-B2D5-D76B177B8FF7}"
EndProject
Project("{8BC9CEB8-8B4A-11D0-8D11-00A0C91BC942}") = "ExcellentResult", "Labs\ExcellentResult\ExcellentResult.vcxproj", "{46129130-1EFA-47FC-8183-E466DC2ABB91}"
EndProject
Project("{8BC9CEB8-8B4A-11D0-8D11-00A0C91BC942}") = "GreaterNumber", "Labs\GreaterNumber\GreaterNumber.vcxproj", "{DA68DE25-6802-4B44-9D20-CB465C4F01A0}"
EndProject
Project("{8BC9CEB8-8B4A-11D0-8D11-00A0C91BC942}") = "EvenOrOdd", "Labs\EvenOrOdd\EvenOrOdd.vcxproj", "{D764FF16-AABF-4860-AAF2-69F612ABF588}"
EndProject
Project("{8BC9CEB8-8B4A-11D0-8D11-00A0C91BC942}") = "PasswordGuess", "Labs\PasswordGuess\PasswordGuess.vcxproj", "{23C934CE-DF2C-4521-9CBD-CBBD146656B0}"
EndProject
Project("{8BC9CEB8-8B4A-11D0-8D11-00A0C91BC942}") = "NumberFrom100To200", "Labs\NumberFrom100To200\NumberFrom100To200.vcxproj", "{F3325A74-8413-48C5-8202-1CC76DE95715}"
EndProject
Project("{8BC9CEB8-8B4A-11D0-8D11-00A0C91BC942}") = "SpeedInfo", "Labs\SpeedInfo\SpeedInfo.vcxproj", "{78EDCACD-5F81-4D03-AA94-67159DCD684B}"
EndProject
Project("{8BC9CEB8-8B4A-11D0-8D11-00A0C91BC942}") = "AreaOfFigures", "Labs\AreaOfFigures\AreaOfFigures.vcxproj", "{E771235F-FF44-4A66-AD75-13CBEC026FCF}"
EndProject
Global
	GlobalSection(SolutionConfigurationPlatforms) = preSolution
		Debug|x64 = Debug|x64
		Debug|x86 = Debug|x86
		Release|x64 = Release|x64
		Release|x86 = Release|x86
	EndGlobalSection
	GlobalSection(ProjectConfigurationPlatforms) = postSolution
		{FDFDA777-FF2B-46B8-A270-13D53E872B3A}.Debug|x64.ActiveCfg = Debug|x64
		{FDFDA777-FF2B-46B8-A270-13D53E872B3A}.Debug|x64.Build.0 = Debug|x64
		{FDFDA777-FF2B-46B8-A270-13D53E872B3A}.Debug|x86.ActiveCfg = Debug|Win32
		{FDFDA777-FF2B-46B8-A270-13D53E872B3A}.Debug|x86.Build.0 = Debug|Win32
		{FDFDA777-FF2B-46B8-A270-13D53E872B3A}.Release|x64.ActiveCfg = Release|x64
		{FDFDA777-FF2B-46B8-A270-13D53E872B3A}.Release|x64.Build.0 = Release|x64
		{FDFDA777-FF2B-46B8-A270-13D53E872B3A}.Release|x86.ActiveCfg = Release|Win32
		{FDFDA777-FF2B-46B8-A270-13D53E872B3A}.Release|x86.Build.0 = Release|Win32
		{DA2BF543-486B-42E6-A19A-5A92B1525B74}.Debug|x64.ActiveCfg = Debug|x64
		{DA2BF543-486B-42E6-A19A-5A92B1525B74}.Debug|x64.Build.0 = Debug|x64
		{DA2BF543-486B-42E6-A19A-5A92B1525B74}.Debug|x86.ActiveCfg = Debug|Win32
		{DA2BF543-486B-42E6-A19A-5A92B1525B74}.Debug|x86.Build.0 = Debug|Win32
		{DA2BF543-486B-42E6-A19A-5A92B1525B74}.Release|x64.ActiveCfg = Release|x64
		{DA2BF543-486B-42E6-A19A-5A92B1525B74}.Release|x64.Build.0 = Release|x64
		{DA2BF543-486B-42E6-A19A-5A92B1525B74}.Release|x86.ActiveCfg = Release|Win32
		{DA2BF543-486B-42E6-A19A-5A92B1525B74}.Release|x86.Build.0 = Release|Win32
		{B320CAD5-6BD4-4001-BECB-F5545A35DAF2}.Debug|x64.ActiveCfg = Debug|x64
		{B320CAD5-6BD4-4001-BECB-F5545A35DAF2}.Debug|x64.Build.0 = Debug|x64
		{B320CAD5-6BD4-4001-BECB-F5545A35DAF2}.Debug|x86.ActiveCfg = Debug|Win32
		{B320CAD5-6BD4-4001-BECB-F5545A35DAF2}.Debug|x86.Build.0 = Debug|Win32
		{B320CAD5-6BD4-4001-BECB-F5545A35DAF2}.Release|x64.ActiveCfg = Release|x64
		{B320CAD5-6BD4-4001-BECB-F5545A35DAF2}.Release|x64.Build.0 = Release|x64
		{B320CAD5-6BD4-4001-BECB-F5545A35DAF2}.Release|x86.ActiveCfg = Release|Win32
		{B320CAD5-6BD4-4001-BECB-F5545A35DAF2}.Release|x86.Build.0 = Release|Win32
		{B20D77A6-11B3-4EDD-86E1-49E3802D5156}.Debug|x64.ActiveCfg = Debug|x64
		{B20D77A6-11B3-4EDD-86E1-49E3802D5156}.Debug|x64.Build.0 = Debug|x64
		{B20D77A6-11B3-4EDD-86E1-49E3802D5156}.Debug|x86.ActiveCfg = Debug|Win32
		{B20D77A6-11B3-4EDD-86E1-49E3802D5156}.Debug|x86.Build.0 = Debug|Win32
		{B20D77A6-11B3-4EDD-86E1-49E3802D5156}.Release|x64.ActiveCfg = Release|x64
		{B20D77A6-11B3-4EDD-86E1-49E3802D5156}.Release|x64.Build.0 = Release|x64
		{B20D77A6-11B3-4EDD-86E1-49E3802D5156}.Release|x86.ActiveCfg = Release|Win32
		{B20D77A6-11B3-4EDD-86E1-49E3802D5156}.Release|x86.Build.0 = Release|Win32
		{8708DD66-1F22-4A67-8DF0-132A05857D21}.Debug|x64.ActiveCfg = Debug|x64
		{8708DD66-1F22-4A67-8DF0-132A05857D21}.Debug|x64.Build.0 = Debug|x64
		{8708DD66-1F22-4A67-8DF0-132A05857D21}.Debug|x86.ActiveCfg = Debug|Win32
		{8708DD66-1F22-4A67-8DF0-132A05857D21}.Debug|x86.Build.0 = Debug|Win32
		{8708DD66-1F22-4A67-8DF0-132A05857D21}.Release|x64.ActiveCfg = Release|x64
		{8708DD66-1F22-4A67-8DF0-132A05857D21}.Release|x64.Build.0 = Release|x64
		{8708DD66-1F22-4A67-8DF0-132A05857D21}.Release|x86.ActiveCfg = Release|Win32
		{8708DD66-1F22-4A67-8DF0-132A05857D21}.Release|x86.Build.0 = Release|Win32
		{6C3E310B-0CA8-45E2-967E-A52821A29D12}.Debug|x64.ActiveCfg = Debug|x64
		{6C3E310B-0CA8-45E2-967E-A52821A29D12}.Debug|x64.Build.0 = Debug|x64
		{6C3E310B-0CA8-45E2-967E-A52821A29D12}.Debug|x86.ActiveCfg = Debug|Win32
		{6C3E310B-0CA8-45E2-967E-A52821A29D12}.Debug|x86.Build.0 = Debug|Win32
		{6C3E310B-0CA8-45E2-967E-A52821A29D12}.Release|x64.ActiveCfg = Release|x64
		{6C3E310B-0CA8-45E2-967E-A52821A29D12}.Release|x64.Build.0 = Release|x64
		{6C3E310B-0CA8-45E2-967E-A52821A29D12}.Release|x86.ActiveCfg = Release|Win32
		{6C3E310B-0CA8-45E2-967E-A52821A29D12}.Release|x86.Build.0 = Release|Win32
		{A31FC9E4-FC42-4F81-9F25-1B8B207972E4}.Debug|x64.ActiveCfg = Debug|x64
		{A31FC9E4-FC42-4F81-9F25-1B8B207972E4}.Debug|x64.Build.0 = Debug|x64
		{A31FC9E4-FC42-4F81-9F25-1B8B207972E4}.Debug|x86.ActiveCfg = Debug|Win32
		{A31FC9E4-FC42-4F81-9F25-1B8B207972E4}.Debug|x86.Build.0 = Debug|Win32
		{A31FC9E4-FC42-4F81-9F25-1B8B207972E4}.Release|x64.ActiveCfg = Release|x64
		{A31FC9E4-FC42-4F81-9F25-1B8B207972E4}.Release|x64.Build.0 = Release|x64
		{A31FC9E4-FC42-4F81-9F25-1B8B207972E4}.Release|x86.ActiveCfg = Release|Win32
		{A31FC9E4-FC42-4F81-9F25-1B8B207972E4}.Release|x86.Build.0 = Release|Win32
		{81D98104-7CC6-4B4B-89CA-CD8F557C1992}.Debug|x64.ActiveCfg = Debug|x64
		{81D98104-7CC6-4B4B-89CA-CD8F557C1992}.Debug|x64.Build.0 = Debug|x64
		{81D98104-7CC6-4B4B-89CA-CD8F557C1992}.Debug|x86.ActiveCfg = Debug|Win32
		{81D98104-7CC6-4B4B-89CA-CD8F557C1992}.Debug|x86.Build.0 = Debug|Win32
		{81D98104-7CC6-4B4B-89CA-CD8F557C1992}.Release|x64.ActiveCfg = Release|x64
		{81D98104-7CC6-4B4B-89CA-CD8F557C1992}.Release|x64.Build.0 = Release|x64
		{81D98104-7CC6-4B4B-89CA-CD8F557C1992}.Release|x86.ActiveCfg = Release|Win32
		{81D98104-7CC6-4B4B-89CA-CD8F557C1992}.Release|x86.Build.0 = Release|Win32
		{46129130-1EFA-47FC-8183-E466DC2ABB91}.Debug|x64.ActiveCfg = Debug|x64
		{46129130-1EFA-47FC-8183-E466DC2ABB91}.Debug|x64.Build.0 = Debug|x64
		{46129130-1EFA-47FC-8183-E466DC2ABB91}.Debug|x86.ActiveCfg = Debug|Win32
		{46129130-1EFA-47FC-8183-E466DC2ABB91}.Debug|x86.Build.0 = Debug|Win32
		{46129130-1EFA-47FC-8183-E466DC2ABB91}.Release|x64.ActiveCfg = Release|x64
		{46129130-1EFA-47FC-8183-E466DC2ABB91}.Release|x64.Build.0 = Release|x64
		{46129130-1EFA-47FC-8183-E466DC2ABB91}.Release|x86.ActiveCfg = Release|Win32
		{46129130-1EFA-47FC-8183-E466DC2ABB91}.Release|x86.Build.0 = Release|Win32
		{DA68DE25-6802-4B44-9D20-CB465C4F01A0}.Debug|x64.ActiveCfg = Debug|x64
		{DA68DE25-6802-4B44-9D20-CB465C4F01A0}.Debug|x64.Build.0 = Debug|x64
		{DA68DE25-6802-4B44-9D20-CB465C4F01A0}.Debug|x86.ActiveCfg = Debug|Win32
		{DA68DE25-6802-4B44-9D20-CB465C4F01A0}.Debug|x86.Build.0 = Debug|Win32
		{DA68DE25-6802-4B44-9D20-CB465C4F01A0}.Release|x64.ActiveCfg = Release|x64
		{DA68DE25-6802-4B44-9D20-CB465C4F01A0}.Release|x64.Build.0 = Release|x64
		{DA68DE25-6802-4B44-9D20-CB465C4F01A0}.Release|x86.ActiveCfg = Release|Win32
		{DA68DE25-6802-4B44-9D20-CB465C4F01A0}.Release|x86.Build.0 = Release|Win32
		{D764FF16-AABF-4860-AAF2-69F612ABF588}.Debug|x64.ActiveCfg = Debug|x64
		{D764FF16-AABF-4860-AAF2-69F612ABF588}.Debug|x64.Build.0 = Debug|x64
		{D764FF16-AABF-4860-AAF2-69F612ABF588}.Debug|x86.ActiveCfg = Debug|Win32
		{D764FF16-AABF-4860-AAF2-69F612ABF588}.Debug|x86.Build.0 = Debug|Win32
		{D764FF16-AABF-4860-AAF2-69F612ABF588}.Release|x64.ActiveCfg = Release|x64
		{D764FF16-AABF-4860-AAF2-69F612ABF588}.Release|x64.Build.0 = Release|x64
		{D764FF16-AABF-4860-AAF2-69F612ABF588}.Release|x86.ActiveCfg = Release|Win32
		{D764FF16-AABF-4860-AAF2-69F612ABF588}.Release|x86.Build.0 = Release|Win32
		{23C934CE-DF2C-4521-9CBD-CBBD146656B0}.Debug|x64.ActiveCfg = Debug|x64
		{23C934CE-DF2C-4521-9CBD-CBBD146656B0}.Debug|x64.Build.0 = Debug|x64
		{23C934CE-DF2C-4521-9CBD-CBBD146656B0}.Debug|x86.ActiveCfg = Debug|Win32
		{23C934CE-DF2C-4521-9CBD-CBBD146656B0}.Debug|x86.Build.0 = Debug|Win32
		{23C934CE-DF2C-4521-9CBD-CBBD146656B0}.Release|x64.ActiveCfg = Release|x64
		{23C934CE-DF2C-4521-9CBD-CBBD146656B0}.Release|x64.Build.0 = Release|x64
		{23C934CE-DF2C-4521-9CBD-CBBD146656B0}.Release|x86.ActiveCfg = Release|Win32
		{23C934CE-DF2C-4521-9CBD-CBBD146656B0}.Release|x86.Build.0 = Release|Win32
		{F3325A74-8413-48C5-8202-1CC76DE95715}.Debug|x64.ActiveCfg = Debug|x64
		{F3325A74-8413-48C5-8202-1CC76DE95715}.Debug|x64.Build.0 = Debug|x64
		{F3325A74-8413-48C5-8202-1CC76DE95715}.Debug|x86.ActiveCfg = Debug|Win32
		{F3325A74-8413-48C5-8202-1CC76DE95715}.Debug|x86.Build.0 = Debug|Win32
		{F3325A74-8413-48C5-8202-1CC76DE95715}.Release|x64.ActiveCfg = Release|x64
		{F3325A74-8413-48C5-8202-1CC76DE95715}.Release|x64.Build.0 = Release|x64
		{F3325A74-8413-48C5-8202-1CC76DE95715}.Release|x86.ActiveCfg = Release|Win32
		{F3325A74-8413-48C5-8202-1CC76DE95715}.Release|x86.Build.0 = Release|Win32
		{78EDCACD-5F81-4D03-AA94-67159DCD684B}.Debug|x64.ActiveCfg = Debug|x64
		{78EDCACD-5F81-4D03-AA94-67159DCD684B}.Debug|x64.Build.0 = Debug|x64
		{78EDCACD-5F81-4D03-AA94-67159DCD684B}.Debug|x86.ActiveCfg = Debug|Win32
		{78EDCACD-5F81-4D03-AA94-67159DCD684B}.Debug|x86.Build.0 = Debug|Win32
		{78EDCACD-5F81-4D03-AA94-67159DCD684B}.Release|x64.ActiveCfg = Release|x64
		{78EDCACD-5F81-4D03-AA94-67159DCD684B}.Release|x64.Build.0 = Release|x64
		{78EDCACD-5F81-4D03-AA94-67159DCD684B}.Release|x86.ActiveCfg = Release|Win32
		{78EDCACD-5F81-4D03-AA94-67159DCD684B}.Release|x86.Build.0 = Release|Win32
		{E771235F-FF44-4A66-AD75-13CBEC026FCF}.Debug|x64.ActiveCfg = Debug|x64
		{E771235F-FF44-4A66-AD75-13CBEC026FCF}.Debug|x64.Build.0 = Debug|x64
		{E771235F-FF44-4A66-AD75-13CBEC026FCF}.Debug|x86.ActiveCfg = Debug|Win32
		{E771235F-FF44-4A66-AD75-13CBEC026FCF}.Debug|x86.Build.0 = Debug|Win32
		{E771235F-FF44-4A66-AD75-13CBEC026FCF}.Release|x64.ActiveCfg = Release|x64
		{E771235F-FF44-4A66-AD75-13CBEC026FCF}.Release|x64.Build.0 = Release|x64
		{E771235F-FF44-4A66-AD75-13CBEC026FCF}.Release|x86.ActiveCfg = Release|Win32
		{E771235F-FF44-4A66-AD75-13CBEC026FCF}.Release|x86.Build.0 = Release|Win32
	EndGlobalSection
	GlobalSection(SolutionProperties) = preSolution
		HideSolutionNode = FALSE
	EndGlobalSection
	GlobalSection(NestedProjects) = preSolution
		{FDFDA777-FF2B-46B8-A270-13D53E872B3A} = {A8C0DA31-5DE6-43E0-B2D5-D76B177B8FF7}
		{DA2BF543-486B-42E6-A19A-5A92B1525B74} = {A8C0DA31-5DE6-43E0-B2D5-D76B177B8FF7}
		{B320CAD5-6BD4-4001-BECB-F5545A35DAF2} = {A8C0DA31-5DE6-43E0-B2D5-D76B177B8FF7}
		{B20D77A6-11B3-4EDD-86E1-49E3802D5156} = {A8C0DA31-5DE6-43E0-B2D5-D76B177B8FF7}
		{8708DD66-1F22-4A67-8DF0-132A05857D21} = {A8C0DA31-5DE6-43E0-B2D5-D76B177B8FF7}
		{6C3E310B-0CA8-45E2-967E-A52821A29D12} = {A8C0DA31-5DE6-43E0-B2D5-D76B177B8FF7}
		{A31FC9E4-FC42-4F81-9F25-1B8B207972E4} = {A8C0DA31-5DE6-43E0-B2D5-D76B177B8FF7}
		{81D98104-7CC6-4B4B-89CA-CD8F557C1992} = {A8C0DA31-5DE6-43E0-B2D5-D76B177B8FF7}
		{46129130-1EFA-47FC-8183-E466DC2ABB91} = {E425B400-F1EE-4FD0-A888-CC77E7519AEB}
		{DA68DE25-6802-4B44-9D20-CB465C4F01A0} = {E425B400-F1EE-4FD0-A888-CC77E7519AEB}
		{D764FF16-AABF-4860-AAF2-69F612ABF588} = {E425B400-F1EE-4FD0-A888-CC77E7519AEB}
		{23C934CE-DF2C-4521-9CBD-CBBD146656B0} = {E425B400-F1EE-4FD0-A888-CC77E7519AEB}
		{F3325A74-8413-48C5-8202-1CC76DE95715} = {E425B400-F1EE-4FD0-A888-CC77E7519AEB}
		{78EDCACD-5F81-4D03-AA94-67159DCD684B} = {E425B400-F1EE-4FD0-A888-CC77E7519AEB}
		{E771235F-FF44-4A66-AD75-13CBEC026FCF} = {E425B400-F1EE-4FD0-A888-CC77E7519AEB}
	EndGlobalSection
	GlobalSection(ExtensibilityGlobals) = postSolution
		SolutionGuid = {DA37746C-79B0-4440-AF49-B45379D32A0B}
	EndGlobalSection
EndGlobal
