
Microsoft Visual Studio Solution File, Format Version 12.00
# Visual Studio Version 17
VisualStudioVersion = 17.9.34622.214
MinimumVisualStudioVersion = 10.0.40219.1
Project("{FAE04EC0-301F-11D3-BF4B-00C04F79EFBC}") = "ExcellentResult", "Labs\ExcellentResult\ExcellentResult.csproj", "{64889185-975C-4169-A8D3-18EC1E88A61A}"
EndProject
Project("{2150E333-8FDC-42A3-9474-1A3956D46DE8}") = "Labs", "Labs", "{B14FCA31-AC3A-4C8F-A86F-655FC83C8A82}"
EndProject
Project("{FAE04EC0-301F-11D3-BF4B-00C04F79EFBC}") = "GreaterNumber", "Labs\GreaterNumber\GreaterNumber.csproj", "{EE5E797D-629D-4642-B9F9-45DBB9986A27}"
EndProject
Project("{FAE04EC0-301F-11D3-BF4B-00C04F79EFBC}") = "EvenOrOdd", "Labs\EvenOrOdd\EvenOrOdd.csproj", "{00D1BA32-E041-4070-B69A-4A89B504CEF9}"
EndProject
Project("{FAE04EC0-301F-11D3-BF4B-00C04F79EFBC}") = "PasswordGuess", "Labs\PasswordGuess\PasswordGuess.csproj", "{FFBC0D07-8F58-4B74-9CB3-BE9425A90130}"
EndProject
Project("{FAE04EC0-301F-11D3-BF4B-00C04F79EFBC}") = "NumberFrom100To200", "Labs\NumberFrom100To200\NumberFrom100To200.csproj", "{891215B5-419F-4C05-9DA2-42D9D2B33698}"
EndProject
Project("{FAE04EC0-301F-11D3-BF4B-00C04F79EFBC}") = "SpeedInfo", "Labs\SpeedInfo\SpeedInfo.csproj", "{BB67A13A-79EC-4336-9E95-10327E4B2243}"
EndProject
Project("{FAE04EC0-301F-11D3-BF4B-00C04F79EFBC}") = "AreaOfFigures", "Labs\AreaOfFigures\AreaOfFigures.csproj", "{78BA2C68-2E07-425B-8FDF-6B31926CF347}"
EndProject
Project("{2150E333-8FDC-42A3-9474-1A3956D46DE8}") = "Exercises", "Exercises", "{A61AEBAB-64DE-45E2-8EB2-F90E43AE0C23}"
EndProject
Project("{FAE04EC0-301F-11D3-BF4B-00C04F79EFBC}") = "SumSeconds", "Exercises\SumSeconds\SumSeconds.csproj", "{DC6F79AA-57C5-4093-B607-61740C1D52B6}"
EndProject
Project("{FAE04EC0-301F-11D3-BF4B-00C04F79EFBC}") = "BonusScore", "Exercises\BonusScore\BonusScore.csproj", "{BC264E10-9A52-40C6-A8C2-C125C0545E36}"
EndProject
Project("{FAE04EC0-301F-11D3-BF4B-00C04F79EFBC}") = "Add15Minutes", "Exercises\Add15Minutes\Add15Minutes.csproj", "{E9963E03-D47A-4CA6-B583-F64523E3F7A7}"
EndProject
Project("{FAE04EC0-301F-11D3-BF4B-00C04F79EFBC}") = "ToyShop", "Exercises\ToyShop\ToyShop.csproj", "{DA268AAF-B2D5-422D-AFF5-93C6F1BFA08F}"
EndProject
Project("{FAE04EC0-301F-11D3-BF4B-00C04F79EFBC}") = "GodzillaVsKong", "Exercises\GodzillaVsKong\GodzillaVsKong.csproj", "{5E9CFDF5-4376-4662-A759-202C94C3DFFD}"
EndProject
Project("{FAE04EC0-301F-11D3-BF4B-00C04F79EFBC}") = "WorldSwimmingRecord", "Exercises\WorldSwimmingRecord\WorldSwimmingRecord.csproj", "{25337F94-89DC-4868-AA2C-E1DB13078B84}"
EndProject
Project("{FAE04EC0-301F-11D3-BF4B-00C04F79EFBC}") = "Shopping", "Exercises\Shopping\Shopping.csproj", "{12295C36-6898-4B58-89EF-02AD95B6D6E3}"
EndProject
Project("{FAE04EC0-301F-11D3-BF4B-00C04F79EFBC}") = "LunchBreak", "Exercises\LunchBreak\LunchBreak.csproj", "{06C890A1-FD0E-4CD2-9BB4-DC81EBD82C49}"
EndProject
Global
	GlobalSection(SolutionConfigurationPlatforms) = preSolution
		Debug|Any CPU = Debug|Any CPU
		Release|Any CPU = Release|Any CPU
	EndGlobalSection
	GlobalSection(ProjectConfigurationPlatforms) = postSolution
		{64889185-975C-4169-A8D3-18EC1E88A61A}.Debug|Any CPU.ActiveCfg = Debug|Any CPU
		{64889185-975C-4169-A8D3-18EC1E88A61A}.Debug|Any CPU.Build.0 = Debug|Any CPU
		{64889185-975C-4169-A8D3-18EC1E88A61A}.Release|Any CPU.ActiveCfg = Release|Any CPU
		{64889185-975C-4169-A8D3-18EC1E88A61A}.Release|Any CPU.Build.0 = Release|Any CPU
		{EE5E797D-629D-4642-B9F9-45DBB9986A27}.Debug|Any CPU.ActiveCfg = Debug|Any CPU
		{EE5E797D-629D-4642-B9F9-45DBB9986A27}.Debug|Any CPU.Build.0 = Debug|Any CPU
		{EE5E797D-629D-4642-B9F9-45DBB9986A27}.Release|Any CPU.ActiveCfg = Release|Any CPU
		{EE5E797D-629D-4642-B9F9-45DBB9986A27}.Release|Any CPU.Build.0 = Release|Any CPU
		{00D1BA32-E041-4070-B69A-4A89B504CEF9}.Debug|Any CPU.ActiveCfg = Debug|Any CPU
		{00D1BA32-E041-4070-B69A-4A89B504CEF9}.Debug|Any CPU.Build.0 = Debug|Any CPU
		{00D1BA32-E041-4070-B69A-4A89B504CEF9}.Release|Any CPU.ActiveCfg = Release|Any CPU
		{00D1BA32-E041-4070-B69A-4A89B504CEF9}.Release|Any CPU.Build.0 = Release|Any CPU
		{FFBC0D07-8F58-4B74-9CB3-BE9425A90130}.Debug|Any CPU.ActiveCfg = Debug|Any CPU
		{FFBC0D07-8F58-4B74-9CB3-BE9425A90130}.Debug|Any CPU.Build.0 = Debug|Any CPU
		{FFBC0D07-8F58-4B74-9CB3-BE9425A90130}.Release|Any CPU.ActiveCfg = Release|Any CPU
		{FFBC0D07-8F58-4B74-9CB3-BE9425A90130}.Release|Any CPU.Build.0 = Release|Any CPU
		{891215B5-419F-4C05-9DA2-42D9D2B33698}.Debug|Any CPU.ActiveCfg = Debug|Any CPU
		{891215B5-419F-4C05-9DA2-42D9D2B33698}.Debug|Any CPU.Build.0 = Debug|Any CPU
		{891215B5-419F-4C05-9DA2-42D9D2B33698}.Release|Any CPU.ActiveCfg = Release|Any CPU
		{891215B5-419F-4C05-9DA2-42D9D2B33698}.Release|Any CPU.Build.0 = Release|Any CPU
		{BB67A13A-79EC-4336-9E95-10327E4B2243}.Debug|Any CPU.ActiveCfg = Debug|Any CPU
		{BB67A13A-79EC-4336-9E95-10327E4B2243}.Debug|Any CPU.Build.0 = Debug|Any CPU
		{BB67A13A-79EC-4336-9E95-10327E4B2243}.Release|Any CPU.ActiveCfg = Release|Any CPU
		{BB67A13A-79EC-4336-9E95-10327E4B2243}.Release|Any CPU.Build.0 = Release|Any CPU
		{78BA2C68-2E07-425B-8FDF-6B31926CF347}.Debug|Any CPU.ActiveCfg = Debug|Any CPU
		{78BA2C68-2E07-425B-8FDF-6B31926CF347}.Debug|Any CPU.Build.0 = Debug|Any CPU
		{78BA2C68-2E07-425B-8FDF-6B31926CF347}.Release|Any CPU.ActiveCfg = Release|Any CPU
		{78BA2C68-2E07-425B-8FDF-6B31926CF347}.Release|Any CPU.Build.0 = Release|Any CPU
		{DC6F79AA-57C5-4093-B607-61740C1D52B6}.Debug|Any CPU.ActiveCfg = Debug|Any CPU
		{DC6F79AA-57C5-4093-B607-61740C1D52B6}.Debug|Any CPU.Build.0 = Debug|Any CPU
		{DC6F79AA-57C5-4093-B607-61740C1D52B6}.Release|Any CPU.ActiveCfg = Release|Any CPU
		{DC6F79AA-57C5-4093-B607-61740C1D52B6}.Release|Any CPU.Build.0 = Release|Any CPU
		{BC264E10-9A52-40C6-A8C2-C125C0545E36}.Debug|Any CPU.ActiveCfg = Debug|Any CPU
		{BC264E10-9A52-40C6-A8C2-C125C0545E36}.Debug|Any CPU.Build.0 = Debug|Any CPU
		{BC264E10-9A52-40C6-A8C2-C125C0545E36}.Release|Any CPU.ActiveCfg = Release|Any CPU
		{BC264E10-9A52-40C6-A8C2-C125C0545E36}.Release|Any CPU.Build.0 = Release|Any CPU
		{E9963E03-D47A-4CA6-B583-F64523E3F7A7}.Debug|Any CPU.ActiveCfg = Debug|Any CPU
		{E9963E03-D47A-4CA6-B583-F64523E3F7A7}.Debug|Any CPU.Build.0 = Debug|Any CPU
		{E9963E03-D47A-4CA6-B583-F64523E3F7A7}.Release|Any CPU.ActiveCfg = Release|Any CPU
		{E9963E03-D47A-4CA6-B583-F64523E3F7A7}.Release|Any CPU.Build.0 = Release|Any CPU
		{DA268AAF-B2D5-422D-AFF5-93C6F1BFA08F}.Debug|Any CPU.ActiveCfg = Debug|Any CPU
		{DA268AAF-B2D5-422D-AFF5-93C6F1BFA08F}.Debug|Any CPU.Build.0 = Debug|Any CPU
		{DA268AAF-B2D5-422D-AFF5-93C6F1BFA08F}.Release|Any CPU.ActiveCfg = Release|Any CPU
		{DA268AAF-B2D5-422D-AFF5-93C6F1BFA08F}.Release|Any CPU.Build.0 = Release|Any CPU
		{5E9CFDF5-4376-4662-A759-202C94C3DFFD}.Debug|Any CPU.ActiveCfg = Debug|Any CPU
		{5E9CFDF5-4376-4662-A759-202C94C3DFFD}.Debug|Any CPU.Build.0 = Debug|Any CPU
		{5E9CFDF5-4376-4662-A759-202C94C3DFFD}.Release|Any CPU.ActiveCfg = Release|Any CPU
		{5E9CFDF5-4376-4662-A759-202C94C3DFFD}.Release|Any CPU.Build.0 = Release|Any CPU
		{25337F94-89DC-4868-AA2C-E1DB13078B84}.Debug|Any CPU.ActiveCfg = Debug|Any CPU
		{25337F94-89DC-4868-AA2C-E1DB13078B84}.Debug|Any CPU.Build.0 = Debug|Any CPU
		{25337F94-89DC-4868-AA2C-E1DB13078B84}.Release|Any CPU.ActiveCfg = Release|Any CPU
		{25337F94-89DC-4868-AA2C-E1DB13078B84}.Release|Any CPU.Build.0 = Release|Any CPU
		{12295C36-6898-4B58-89EF-02AD95B6D6E3}.Debug|Any CPU.ActiveCfg = Debug|Any CPU
		{12295C36-6898-4B58-89EF-02AD95B6D6E3}.Debug|Any CPU.Build.0 = Debug|Any CPU
		{12295C36-6898-4B58-89EF-02AD95B6D6E3}.Release|Any CPU.ActiveCfg = Release|Any CPU
		{12295C36-6898-4B58-89EF-02AD95B6D6E3}.Release|Any CPU.Build.0 = Release|Any CPU
		{06C890A1-FD0E-4CD2-9BB4-DC81EBD82C49}.Debug|Any CPU.ActiveCfg = Debug|Any CPU
		{06C890A1-FD0E-4CD2-9BB4-DC81EBD82C49}.Debug|Any CPU.Build.0 = Debug|Any CPU
		{06C890A1-FD0E-4CD2-9BB4-DC81EBD82C49}.Release|Any CPU.ActiveCfg = Release|Any CPU
		{06C890A1-FD0E-4CD2-9BB4-DC81EBD82C49}.Release|Any CPU.Build.0 = Release|Any CPU
	EndGlobalSection
	GlobalSection(SolutionProperties) = preSolution
		HideSolutionNode = FALSE
	EndGlobalSection
	GlobalSection(NestedProjects) = preSolution
		{64889185-975C-4169-A8D3-18EC1E88A61A} = {B14FCA31-AC3A-4C8F-A86F-655FC83C8A82}
		{EE5E797D-629D-4642-B9F9-45DBB9986A27} = {B14FCA31-AC3A-4C8F-A86F-655FC83C8A82}
		{00D1BA32-E041-4070-B69A-4A89B504CEF9} = {B14FCA31-AC3A-4C8F-A86F-655FC83C8A82}
		{FFBC0D07-8F58-4B74-9CB3-BE9425A90130} = {B14FCA31-AC3A-4C8F-A86F-655FC83C8A82}
		{891215B5-419F-4C05-9DA2-42D9D2B33698} = {B14FCA31-AC3A-4C8F-A86F-655FC83C8A82}
		{BB67A13A-79EC-4336-9E95-10327E4B2243} = {B14FCA31-AC3A-4C8F-A86F-655FC83C8A82}
		{78BA2C68-2E07-425B-8FDF-6B31926CF347} = {B14FCA31-AC3A-4C8F-A86F-655FC83C8A82}
		{DC6F79AA-57C5-4093-B607-61740C1D52B6} = {A61AEBAB-64DE-45E2-8EB2-F90E43AE0C23}
		{BC264E10-9A52-40C6-A8C2-C125C0545E36} = {A61AEBAB-64DE-45E2-8EB2-F90E43AE0C23}
		{E9963E03-D47A-4CA6-B583-F64523E3F7A7} = {A61AEBAB-64DE-45E2-8EB2-F90E43AE0C23}
		{DA268AAF-B2D5-422D-AFF5-93C6F1BFA08F} = {A61AEBAB-64DE-45E2-8EB2-F90E43AE0C23}
		{5E9CFDF5-4376-4662-A759-202C94C3DFFD} = {A61AEBAB-64DE-45E2-8EB2-F90E43AE0C23}
		{25337F94-89DC-4868-AA2C-E1DB13078B84} = {A61AEBAB-64DE-45E2-8EB2-F90E43AE0C23}
		{12295C36-6898-4B58-89EF-02AD95B6D6E3} = {A61AEBAB-64DE-45E2-8EB2-F90E43AE0C23}
		{06C890A1-FD0E-4CD2-9BB4-DC81EBD82C49} = {A61AEBAB-64DE-45E2-8EB2-F90E43AE0C23}
	EndGlobalSection
	GlobalSection(ExtensibilityGlobals) = postSolution
		SolutionGuid = {A7580FC5-6A84-4E8D-B00B-7A7ED0DBFD3A}
	EndGlobalSection
EndGlobal
