
Microsoft Visual Studio Solution File, Format Version 12.00
# Visual Studio Version 17
VisualStudioVersion = 17.9.34622.214
MinimumVisualStudioVersion = 10.0.40219.1
Project("{2150E333-8FDC-42A3-9474-1A3956D46DE8}") = "Labs", "Labs", "{6DAD2BC9-3F35-400C-B3A3-C4127D472817}"
EndProject
Project("{FAE04EC0-301F-11D3-BF4B-00C04F79EFBC}") = "ReadText", "Labs\ReadText\ReadText.csproj", "{9F1136C6-AC1C-4D63-B2A2-C37F14EBD722}"
EndProject
Project("{FAE04EC0-301F-11D3-BF4B-00C04F79EFBC}") = "Password", "Labs\Password\Password.csproj", "{CB95F3C1-D64E-4179-A26B-640BE94DE84C}"
EndProject
Project("{FAE04EC0-301F-11D3-BF4B-00C04F79EFBC}") = "SumNumbers", "Labs\SumNumbers\SumNumbers.csproj", "{C0B0622A-36E8-4C2E-95E4-B4D94FC7CDEC}"
EndProject
Project("{FAE04EC0-301F-11D3-BF4B-00C04F79EFBC}") = "Sequence", "Labs\Sequence\Sequence.csproj", "{155B7E8A-CE85-4ED9-8940-1F9384AC528C}"
EndProject
Project("{FAE04EC0-301F-11D3-BF4B-00C04F79EFBC}") = "AccountBalance", "Labs\AccountBalance\AccountBalance.csproj", "{491F4B5A-8F25-4434-A296-E70C871227D5}"
EndProject
Project("{FAE04EC0-301F-11D3-BF4B-00C04F79EFBC}") = "MaxNumber", "Labs\MaxNumber\MaxNumber.csproj", "{8DC602B2-54D3-47E1-9677-61FB7E12F721}"
EndProject
Project("{FAE04EC0-301F-11D3-BF4B-00C04F79EFBC}") = "MinNumber", "Labs\MinNumber\MinNumber.csproj", "{36413727-450B-4718-86C2-CD32A8E034BC}"
EndProject
Project("{FAE04EC0-301F-11D3-BF4B-00C04F79EFBC}") = "Graduation", "Labs\Graduation\Graduation.csproj", "{56C6BAE9-3D9D-45FF-9161-9ECD639DA581}"
EndProject
Global
	GlobalSection(SolutionConfigurationPlatforms) = preSolution
		Debug|Any CPU = Debug|Any CPU
		Release|Any CPU = Release|Any CPU
	EndGlobalSection
	GlobalSection(ProjectConfigurationPlatforms) = postSolution
		{9F1136C6-AC1C-4D63-B2A2-C37F14EBD722}.Debug|Any CPU.ActiveCfg = Debug|Any CPU
		{9F1136C6-AC1C-4D63-B2A2-C37F14EBD722}.Debug|Any CPU.Build.0 = Debug|Any CPU
		{9F1136C6-AC1C-4D63-B2A2-C37F14EBD722}.Release|Any CPU.ActiveCfg = Release|Any CPU
		{9F1136C6-AC1C-4D63-B2A2-C37F14EBD722}.Release|Any CPU.Build.0 = Release|Any CPU
		{CB95F3C1-D64E-4179-A26B-640BE94DE84C}.Debug|Any CPU.ActiveCfg = Debug|Any CPU
		{CB95F3C1-D64E-4179-A26B-640BE94DE84C}.Debug|Any CPU.Build.0 = Debug|Any CPU
		{CB95F3C1-D64E-4179-A26B-640BE94DE84C}.Release|Any CPU.ActiveCfg = Release|Any CPU
		{CB95F3C1-D64E-4179-A26B-640BE94DE84C}.Release|Any CPU.Build.0 = Release|Any CPU
		{C0B0622A-36E8-4C2E-95E4-B4D94FC7CDEC}.Debug|Any CPU.ActiveCfg = Debug|Any CPU
		{C0B0622A-36E8-4C2E-95E4-B4D94FC7CDEC}.Debug|Any CPU.Build.0 = Debug|Any CPU
		{C0B0622A-36E8-4C2E-95E4-B4D94FC7CDEC}.Release|Any CPU.ActiveCfg = Release|Any CPU
		{C0B0622A-36E8-4C2E-95E4-B4D94FC7CDEC}.Release|Any CPU.Build.0 = Release|Any CPU
		{155B7E8A-CE85-4ED9-8940-1F9384AC528C}.Debug|Any CPU.ActiveCfg = Debug|Any CPU
		{155B7E8A-CE85-4ED9-8940-1F9384AC528C}.Debug|Any CPU.Build.0 = Debug|Any CPU
		{155B7E8A-CE85-4ED9-8940-1F9384AC528C}.Release|Any CPU.ActiveCfg = Release|Any CPU
		{155B7E8A-CE85-4ED9-8940-1F9384AC528C}.Release|Any CPU.Build.0 = Release|Any CPU
		{491F4B5A-8F25-4434-A296-E70C871227D5}.Debug|Any CPU.ActiveCfg = Debug|Any CPU
		{491F4B5A-8F25-4434-A296-E70C871227D5}.Debug|Any CPU.Build.0 = Debug|Any CPU
		{491F4B5A-8F25-4434-A296-E70C871227D5}.Release|Any CPU.ActiveCfg = Release|Any CPU
		{491F4B5A-8F25-4434-A296-E70C871227D5}.Release|Any CPU.Build.0 = Release|Any CPU
		{8DC602B2-54D3-47E1-9677-61FB7E12F721}.Debug|Any CPU.ActiveCfg = Debug|Any CPU
		{8DC602B2-54D3-47E1-9677-61FB7E12F721}.Debug|Any CPU.Build.0 = Debug|Any CPU
		{8DC602B2-54D3-47E1-9677-61FB7E12F721}.Release|Any CPU.ActiveCfg = Release|Any CPU
		{8DC602B2-54D3-47E1-9677-61FB7E12F721}.Release|Any CPU.Build.0 = Release|Any CPU
		{36413727-450B-4718-86C2-CD32A8E034BC}.Debug|Any CPU.ActiveCfg = Debug|Any CPU
		{36413727-450B-4718-86C2-CD32A8E034BC}.Debug|Any CPU.Build.0 = Debug|Any CPU
		{36413727-450B-4718-86C2-CD32A8E034BC}.Release|Any CPU.ActiveCfg = Release|Any CPU
		{36413727-450B-4718-86C2-CD32A8E034BC}.Release|Any CPU.Build.0 = Release|Any CPU
		{56C6BAE9-3D9D-45FF-9161-9ECD639DA581}.Debug|Any CPU.ActiveCfg = Debug|Any CPU
		{56C6BAE9-3D9D-45FF-9161-9ECD639DA581}.Debug|Any CPU.Build.0 = Debug|Any CPU
		{56C6BAE9-3D9D-45FF-9161-9ECD639DA581}.Release|Any CPU.ActiveCfg = Release|Any CPU
		{56C6BAE9-3D9D-45FF-9161-9ECD639DA581}.Release|Any CPU.Build.0 = Release|Any CPU
	EndGlobalSection
	GlobalSection(SolutionProperties) = preSolution
		HideSolutionNode = FALSE
	EndGlobalSection
	GlobalSection(NestedProjects) = preSolution
		{9F1136C6-AC1C-4D63-B2A2-C37F14EBD722} = {6DAD2BC9-3F35-400C-B3A3-C4127D472817}
		{CB95F3C1-D64E-4179-A26B-640BE94DE84C} = {6DAD2BC9-3F35-400C-B3A3-C4127D472817}
		{C0B0622A-36E8-4C2E-95E4-B4D94FC7CDEC} = {6DAD2BC9-3F35-400C-B3A3-C4127D472817}
		{155B7E8A-CE85-4ED9-8940-1F9384AC528C} = {6DAD2BC9-3F35-400C-B3A3-C4127D472817}
		{491F4B5A-8F25-4434-A296-E70C871227D5} = {6DAD2BC9-3F35-400C-B3A3-C4127D472817}
		{8DC602B2-54D3-47E1-9677-61FB7E12F721} = {6DAD2BC9-3F35-400C-B3A3-C4127D472817}
		{36413727-450B-4718-86C2-CD32A8E034BC} = {6DAD2BC9-3F35-400C-B3A3-C4127D472817}
		{56C6BAE9-3D9D-45FF-9161-9ECD639DA581} = {6DAD2BC9-3F35-400C-B3A3-C4127D472817}
	EndGlobalSection
	GlobalSection(ExtensibilityGlobals) = postSolution
		SolutionGuid = {9C427BB9-8C20-4138-92B6-07F9FF44544A}
	EndGlobalSection
EndGlobal
