
Microsoft Visual Studio Solution File, Format Version 12.00
# Visual Studio Version 17
VisualStudioVersion = 17.7.34024.191
MinimumVisualStudioVersion = 10.0.40219.1
Project("{8BC9CEB8-8B4A-11D0-8D11-00A0C91BC942}") = "OldBooks", "Exercises\OldBooks\OldBooks.vcxproj", "{5237BB1C-46AA-4BA5-A128-3CB4C0E6367C}"
EndProject
Project("{8BC9CEB8-8B4A-11D0-8D11-00A0C91BC942}") = "ExamPreparation", "Exercises\ExamPreparation\ExamPreparation.vcxproj", "{FC417073-37AB-4BF1-9140-3A75D901E717}"
EndProject
Project("{8BC9CEB8-8B4A-11D0-8D11-00A0C91BC942}") = "Vacation", "Exercises\Vacation\Vacation.vcxproj", "{B5CA4C87-2D59-47C9-9EDF-ACEC51AC7830}"
EndProject
Project("{8BC9CEB8-8B4A-11D0-8D11-00A0C91BC942}") = "Walking", "Exercises\Walking\Walking.vcxproj", "{DE21D6EF-5AD7-403F-BA77-75C6527EC1F8}"
EndProject
Project("{8BC9CEB8-8B4A-11D0-8D11-00A0C91BC942}") = "Coins", "Exercises\Coins\Coins.vcxproj", "{B6C1DFE0-EC09-45AA-AA0B-70BE734B65B2}"
EndProject
Project("{8BC9CEB8-8B4A-11D0-8D11-00A0C91BC942}") = "Cake", "Exercises\Cake\Cake.vcxproj", "{31E492B7-3C01-482C-9B1E-CDC3AC3DDBC8}"
EndProject
Project("{8BC9CEB8-8B4A-11D0-8D11-00A0C91BC942}") = "Moving", "Exercises\Moving\Moving.vcxproj", "{14163AAC-CAD7-4CD3-B3CF-CEB9BED1EDD1}"
EndProject
Project("{2150E333-8FDC-42A3-9474-1A3956D46DE8}") = "Labs", "Labs", "{F76038C6-C5A9-4934-9D4E-F18F8EB6617C}"
EndProject
Project("{2150E333-8FDC-42A3-9474-1A3956D46DE8}") = "Exercises", "Exercises", "{3C9DA200-7AC6-4772-B364-39F11826610B}"
EndProject
Project("{8BC9CEB8-8B4A-11D0-8D11-00A0C91BC942}") = "ReadText", "Labs\ReadText\ReadText.vcxproj", "{5A3B0F84-9316-4631-B6C8-98DA76933E76}"
EndProject
Project("{8BC9CEB8-8B4A-11D0-8D11-00A0C91BC942}") = "Password", "Labs\Password\Password.vcxproj", "{089C397C-C020-49C7-96EE-BF2DD1CC4B9F}"
EndProject
Project("{8BC9CEB8-8B4A-11D0-8D11-00A0C91BC942}") = "SumNumbers", "Labs\SumNumbers\SumNumbers.vcxproj", "{4B969960-6E9F-449F-AB11-1513AE3EC434}"
EndProject
Project("{8BC9CEB8-8B4A-11D0-8D11-00A0C91BC942}") = "Sequence", "Labs\Sequence\Sequence.vcxproj", "{3B0B116D-79AB-45FF-A099-CCD79E20F8A7}"
EndProject
Project("{8BC9CEB8-8B4A-11D0-8D11-00A0C91BC942}") = "AccountBalance", "Labs\AccountBalance\AccountBalance.vcxproj", "{F4144303-13FB-4CB5-BD50-F45D8BDBA8C8}"
EndProject
Project("{8BC9CEB8-8B4A-11D0-8D11-00A0C91BC942}") = "MaxNumber", "Labs\MaxNumber\MaxNumber.vcxproj", "{842FB6A2-FFAE-448F-B93E-85EB2CD26C6A}"
EndProject
Project("{8BC9CEB8-8B4A-11D0-8D11-00A0C91BC942}") = "MinNumber", "Labs\MinNumber\MinNumber.vcxproj", "{D9492011-B43F-4A19-B1A3-BCDE24529E5B}"
EndProject
Project("{8BC9CEB8-8B4A-11D0-8D11-00A0C91BC942}") = "Graduation", "Labs\Graduation\Graduation.vcxproj", "{CA71923E-17D4-4221-ADF1-6EC2AACE96FC}"
EndProject
Project("{2150E333-8FDC-42A3-9474-1A3956D46DE8}") = "More Exercises", "More Exercises", "{2528368A-CBC0-4FA1-87D5-344C6D098816}"
EndProject
Project("{8BC9CEB8-8B4A-11D0-8D11-00A0C91BC942}") = "StreamOfLetters", "More Exercises\StreamOfLetters\StreamOfLetters.vcxproj", "{D09DEC9E-46F8-48E9-8E0F-4BA27EC8E1E1}"
EndProject
Global
	GlobalSection(SolutionConfigurationPlatforms) = preSolution
		Debug|x64 = Debug|x64
		Debug|x86 = Debug|x86
		Release|x64 = Release|x64
		Release|x86 = Release|x86
	EndGlobalSection
	GlobalSection(ProjectConfigurationPlatforms) = postSolution
		{5237BB1C-46AA-4BA5-A128-3CB4C0E6367C}.Debug|x64.ActiveCfg = Debug|x64
		{5237BB1C-46AA-4BA5-A128-3CB4C0E6367C}.Debug|x64.Build.0 = Debug|x64
		{5237BB1C-46AA-4BA5-A128-3CB4C0E6367C}.Debug|x86.ActiveCfg = Debug|Win32
		{5237BB1C-46AA-4BA5-A128-3CB4C0E6367C}.Debug|x86.Build.0 = Debug|Win32
		{5237BB1C-46AA-4BA5-A128-3CB4C0E6367C}.Release|x64.ActiveCfg = Release|x64
		{5237BB1C-46AA-4BA5-A128-3CB4C0E6367C}.Release|x64.Build.0 = Release|x64
		{5237BB1C-46AA-4BA5-A128-3CB4C0E6367C}.Release|x86.ActiveCfg = Release|Win32
		{5237BB1C-46AA-4BA5-A128-3CB4C0E6367C}.Release|x86.Build.0 = Release|Win32
		{FC417073-37AB-4BF1-9140-3A75D901E717}.Debug|x64.ActiveCfg = Debug|x64
		{FC417073-37AB-4BF1-9140-3A75D901E717}.Debug|x64.Build.0 = Debug|x64
		{FC417073-37AB-4BF1-9140-3A75D901E717}.Debug|x86.ActiveCfg = Debug|Win32
		{FC417073-37AB-4BF1-9140-3A75D901E717}.Debug|x86.Build.0 = Debug|Win32
		{FC417073-37AB-4BF1-9140-3A75D901E717}.Release|x64.ActiveCfg = Release|x64
		{FC417073-37AB-4BF1-9140-3A75D901E717}.Release|x64.Build.0 = Release|x64
		{FC417073-37AB-4BF1-9140-3A75D901E717}.Release|x86.ActiveCfg = Release|Win32
		{FC417073-37AB-4BF1-9140-3A75D901E717}.Release|x86.Build.0 = Release|Win32
		{B5CA4C87-2D59-47C9-9EDF-ACEC51AC7830}.Debug|x64.ActiveCfg = Debug|x64
		{B5CA4C87-2D59-47C9-9EDF-ACEC51AC7830}.Debug|x64.Build.0 = Debug|x64
		{B5CA4C87-2D59-47C9-9EDF-ACEC51AC7830}.Debug|x86.ActiveCfg = Debug|Win32
		{B5CA4C87-2D59-47C9-9EDF-ACEC51AC7830}.Debug|x86.Build.0 = Debug|Win32
		{B5CA4C87-2D59-47C9-9EDF-ACEC51AC7830}.Release|x64.ActiveCfg = Release|x64
		{B5CA4C87-2D59-47C9-9EDF-ACEC51AC7830}.Release|x64.Build.0 = Release|x64
		{B5CA4C87-2D59-47C9-9EDF-ACEC51AC7830}.Release|x86.ActiveCfg = Release|Win32
		{B5CA4C87-2D59-47C9-9EDF-ACEC51AC7830}.Release|x86.Build.0 = Release|Win32
		{DE21D6EF-5AD7-403F-BA77-75C6527EC1F8}.Debug|x64.ActiveCfg = Debug|x64
		{DE21D6EF-5AD7-403F-BA77-75C6527EC1F8}.Debug|x64.Build.0 = Debug|x64
		{DE21D6EF-5AD7-403F-BA77-75C6527EC1F8}.Debug|x86.ActiveCfg = Debug|Win32
		{DE21D6EF-5AD7-403F-BA77-75C6527EC1F8}.Debug|x86.Build.0 = Debug|Win32
		{DE21D6EF-5AD7-403F-BA77-75C6527EC1F8}.Release|x64.ActiveCfg = Release|x64
		{DE21D6EF-5AD7-403F-BA77-75C6527EC1F8}.Release|x64.Build.0 = Release|x64
		{DE21D6EF-5AD7-403F-BA77-75C6527EC1F8}.Release|x86.ActiveCfg = Release|Win32
		{DE21D6EF-5AD7-403F-BA77-75C6527EC1F8}.Release|x86.Build.0 = Release|Win32
		{B6C1DFE0-EC09-45AA-AA0B-70BE734B65B2}.Debug|x64.ActiveCfg = Debug|x64
		{B6C1DFE0-EC09-45AA-AA0B-70BE734B65B2}.Debug|x64.Build.0 = Debug|x64
		{B6C1DFE0-EC09-45AA-AA0B-70BE734B65B2}.Debug|x86.ActiveCfg = Debug|Win32
		{B6C1DFE0-EC09-45AA-AA0B-70BE734B65B2}.Debug|x86.Build.0 = Debug|Win32
		{B6C1DFE0-EC09-45AA-AA0B-70BE734B65B2}.Release|x64.ActiveCfg = Release|x64
		{B6C1DFE0-EC09-45AA-AA0B-70BE734B65B2}.Release|x64.Build.0 = Release|x64
		{B6C1DFE0-EC09-45AA-AA0B-70BE734B65B2}.Release|x86.ActiveCfg = Release|Win32
		{B6C1DFE0-EC09-45AA-AA0B-70BE734B65B2}.Release|x86.Build.0 = Release|Win32
		{31E492B7-3C01-482C-9B1E-CDC3AC3DDBC8}.Debug|x64.ActiveCfg = Debug|x64
		{31E492B7-3C01-482C-9B1E-CDC3AC3DDBC8}.Debug|x64.Build.0 = Debug|x64
		{31E492B7-3C01-482C-9B1E-CDC3AC3DDBC8}.Debug|x86.ActiveCfg = Debug|Win32
		{31E492B7-3C01-482C-9B1E-CDC3AC3DDBC8}.Debug|x86.Build.0 = Debug|Win32
		{31E492B7-3C01-482C-9B1E-CDC3AC3DDBC8}.Release|x64.ActiveCfg = Release|x64
		{31E492B7-3C01-482C-9B1E-CDC3AC3DDBC8}.Release|x64.Build.0 = Release|x64
		{31E492B7-3C01-482C-9B1E-CDC3AC3DDBC8}.Release|x86.ActiveCfg = Release|Win32
		{31E492B7-3C01-482C-9B1E-CDC3AC3DDBC8}.Release|x86.Build.0 = Release|Win32
		{14163AAC-CAD7-4CD3-B3CF-CEB9BED1EDD1}.Debug|x64.ActiveCfg = Debug|x64
		{14163AAC-CAD7-4CD3-B3CF-CEB9BED1EDD1}.Debug|x64.Build.0 = Debug|x64
		{14163AAC-CAD7-4CD3-B3CF-CEB9BED1EDD1}.Debug|x86.ActiveCfg = Debug|Win32
		{14163AAC-CAD7-4CD3-B3CF-CEB9BED1EDD1}.Debug|x86.Build.0 = Debug|Win32
		{14163AAC-CAD7-4CD3-B3CF-CEB9BED1EDD1}.Release|x64.ActiveCfg = Release|x64
		{14163AAC-CAD7-4CD3-B3CF-CEB9BED1EDD1}.Release|x64.Build.0 = Release|x64
		{14163AAC-CAD7-4CD3-B3CF-CEB9BED1EDD1}.Release|x86.ActiveCfg = Release|Win32
		{14163AAC-CAD7-4CD3-B3CF-CEB9BED1EDD1}.Release|x86.Build.0 = Release|Win32
		{5A3B0F84-9316-4631-B6C8-98DA76933E76}.Debug|x64.ActiveCfg = Debug|x64
		{5A3B0F84-9316-4631-B6C8-98DA76933E76}.Debug|x64.Build.0 = Debug|x64
		{5A3B0F84-9316-4631-B6C8-98DA76933E76}.Debug|x86.ActiveCfg = Debug|Win32
		{5A3B0F84-9316-4631-B6C8-98DA76933E76}.Debug|x86.Build.0 = Debug|Win32
		{5A3B0F84-9316-4631-B6C8-98DA76933E76}.Release|x64.ActiveCfg = Release|x64
		{5A3B0F84-9316-4631-B6C8-98DA76933E76}.Release|x64.Build.0 = Release|x64
		{5A3B0F84-9316-4631-B6C8-98DA76933E76}.Release|x86.ActiveCfg = Release|Win32
		{5A3B0F84-9316-4631-B6C8-98DA76933E76}.Release|x86.Build.0 = Release|Win32
		{089C397C-C020-49C7-96EE-BF2DD1CC4B9F}.Debug|x64.ActiveCfg = Debug|x64
		{089C397C-C020-49C7-96EE-BF2DD1CC4B9F}.Debug|x64.Build.0 = Debug|x64
		{089C397C-C020-49C7-96EE-BF2DD1CC4B9F}.Debug|x86.ActiveCfg = Debug|Win32
		{089C397C-C020-49C7-96EE-BF2DD1CC4B9F}.Debug|x86.Build.0 = Debug|Win32
		{089C397C-C020-49C7-96EE-BF2DD1CC4B9F}.Release|x64.ActiveCfg = Release|x64
		{089C397C-C020-49C7-96EE-BF2DD1CC4B9F}.Release|x64.Build.0 = Release|x64
		{089C397C-C020-49C7-96EE-BF2DD1CC4B9F}.Release|x86.ActiveCfg = Release|Win32
		{089C397C-C020-49C7-96EE-BF2DD1CC4B9F}.Release|x86.Build.0 = Release|Win32
		{4B969960-6E9F-449F-AB11-1513AE3EC434}.Debug|x64.ActiveCfg = Debug|x64
		{4B969960-6E9F-449F-AB11-1513AE3EC434}.Debug|x64.Build.0 = Debug|x64
		{4B969960-6E9F-449F-AB11-1513AE3EC434}.Debug|x86.ActiveCfg = Debug|Win32
		{4B969960-6E9F-449F-AB11-1513AE3EC434}.Debug|x86.Build.0 = Debug|Win32
		{4B969960-6E9F-449F-AB11-1513AE3EC434}.Release|x64.ActiveCfg = Release|x64
		{4B969960-6E9F-449F-AB11-1513AE3EC434}.Release|x64.Build.0 = Release|x64
		{4B969960-6E9F-449F-AB11-1513AE3EC434}.Release|x86.ActiveCfg = Release|Win32
		{4B969960-6E9F-449F-AB11-1513AE3EC434}.Release|x86.Build.0 = Release|Win32
		{3B0B116D-79AB-45FF-A099-CCD79E20F8A7}.Debug|x64.ActiveCfg = Debug|x64
		{3B0B116D-79AB-45FF-A099-CCD79E20F8A7}.Debug|x64.Build.0 = Debug|x64
		{3B0B116D-79AB-45FF-A099-CCD79E20F8A7}.Debug|x86.ActiveCfg = Debug|Win32
		{3B0B116D-79AB-45FF-A099-CCD79E20F8A7}.Debug|x86.Build.0 = Debug|Win32
		{3B0B116D-79AB-45FF-A099-CCD79E20F8A7}.Release|x64.ActiveCfg = Release|x64
		{3B0B116D-79AB-45FF-A099-CCD79E20F8A7}.Release|x64.Build.0 = Release|x64
		{3B0B116D-79AB-45FF-A099-CCD79E20F8A7}.Release|x86.ActiveCfg = Release|Win32
		{3B0B116D-79AB-45FF-A099-CCD79E20F8A7}.Release|x86.Build.0 = Release|Win32
		{F4144303-13FB-4CB5-BD50-F45D8BDBA8C8}.Debug|x64.ActiveCfg = Debug|x64
		{F4144303-13FB-4CB5-BD50-F45D8BDBA8C8}.Debug|x64.Build.0 = Debug|x64
		{F4144303-13FB-4CB5-BD50-F45D8BDBA8C8}.Debug|x86.ActiveCfg = Debug|Win32
		{F4144303-13FB-4CB5-BD50-F45D8BDBA8C8}.Debug|x86.Build.0 = Debug|Win32
		{F4144303-13FB-4CB5-BD50-F45D8BDBA8C8}.Release|x64.ActiveCfg = Release|x64
		{F4144303-13FB-4CB5-BD50-F45D8BDBA8C8}.Release|x64.Build.0 = Release|x64
		{F4144303-13FB-4CB5-BD50-F45D8BDBA8C8}.Release|x86.ActiveCfg = Release|Win32
		{F4144303-13FB-4CB5-BD50-F45D8BDBA8C8}.Release|x86.Build.0 = Release|Win32
		{842FB6A2-FFAE-448F-B93E-85EB2CD26C6A}.Debug|x64.ActiveCfg = Debug|x64
		{842FB6A2-FFAE-448F-B93E-85EB2CD26C6A}.Debug|x64.Build.0 = Debug|x64
		{842FB6A2-FFAE-448F-B93E-85EB2CD26C6A}.Debug|x86.ActiveCfg = Debug|Win32
		{842FB6A2-FFAE-448F-B93E-85EB2CD26C6A}.Debug|x86.Build.0 = Debug|Win32
		{842FB6A2-FFAE-448F-B93E-85EB2CD26C6A}.Release|x64.ActiveCfg = Release|x64
		{842FB6A2-FFAE-448F-B93E-85EB2CD26C6A}.Release|x64.Build.0 = Release|x64
		{842FB6A2-FFAE-448F-B93E-85EB2CD26C6A}.Release|x86.ActiveCfg = Release|Win32
		{842FB6A2-FFAE-448F-B93E-85EB2CD26C6A}.Release|x86.Build.0 = Release|Win32
		{D9492011-B43F-4A19-B1A3-BCDE24529E5B}.Debug|x64.ActiveCfg = Debug|x64
		{D9492011-B43F-4A19-B1A3-BCDE24529E5B}.Debug|x64.Build.0 = Debug|x64
		{D9492011-B43F-4A19-B1A3-BCDE24529E5B}.Debug|x86.ActiveCfg = Debug|Win32
		{D9492011-B43F-4A19-B1A3-BCDE24529E5B}.Debug|x86.Build.0 = Debug|Win32
		{D9492011-B43F-4A19-B1A3-BCDE24529E5B}.Release|x64.ActiveCfg = Release|x64
		{D9492011-B43F-4A19-B1A3-BCDE24529E5B}.Release|x64.Build.0 = Release|x64
		{D9492011-B43F-4A19-B1A3-BCDE24529E5B}.Release|x86.ActiveCfg = Release|Win32
		{D9492011-B43F-4A19-B1A3-BCDE24529E5B}.Release|x86.Build.0 = Release|Win32
		{CA71923E-17D4-4221-ADF1-6EC2AACE96FC}.Debug|x64.ActiveCfg = Debug|x64
		{CA71923E-17D4-4221-ADF1-6EC2AACE96FC}.Debug|x64.Build.0 = Debug|x64
		{CA71923E-17D4-4221-ADF1-6EC2AACE96FC}.Debug|x86.ActiveCfg = Debug|Win32
		{CA71923E-17D4-4221-ADF1-6EC2AACE96FC}.Debug|x86.Build.0 = Debug|Win32
		{CA71923E-17D4-4221-ADF1-6EC2AACE96FC}.Release|x64.ActiveCfg = Release|x64
		{CA71923E-17D4-4221-ADF1-6EC2AACE96FC}.Release|x64.Build.0 = Release|x64
		{CA71923E-17D4-4221-ADF1-6EC2AACE96FC}.Release|x86.ActiveCfg = Release|Win32
		{CA71923E-17D4-4221-ADF1-6EC2AACE96FC}.Release|x86.Build.0 = Release|Win32
		{D09DEC9E-46F8-48E9-8E0F-4BA27EC8E1E1}.Debug|x64.ActiveCfg = Debug|x64
		{D09DEC9E-46F8-48E9-8E0F-4BA27EC8E1E1}.Debug|x64.Build.0 = Debug|x64
		{D09DEC9E-46F8-48E9-8E0F-4BA27EC8E1E1}.Debug|x86.ActiveCfg = Debug|Win32
		{D09DEC9E-46F8-48E9-8E0F-4BA27EC8E1E1}.Debug|x86.Build.0 = Debug|Win32
		{D09DEC9E-46F8-48E9-8E0F-4BA27EC8E1E1}.Release|x64.ActiveCfg = Release|x64
		{D09DEC9E-46F8-48E9-8E0F-4BA27EC8E1E1}.Release|x64.Build.0 = Release|x64
		{D09DEC9E-46F8-48E9-8E0F-4BA27EC8E1E1}.Release|x86.ActiveCfg = Release|Win32
		{D09DEC9E-46F8-48E9-8E0F-4BA27EC8E1E1}.Release|x86.Build.0 = Release|Win32
	EndGlobalSection
	GlobalSection(SolutionProperties) = preSolution
		HideSolutionNode = FALSE
	EndGlobalSection
	GlobalSection(NestedProjects) = preSolution
		{5237BB1C-46AA-4BA5-A128-3CB4C0E6367C} = {3C9DA200-7AC6-4772-B364-39F11826610B}
		{FC417073-37AB-4BF1-9140-3A75D901E717} = {3C9DA200-7AC6-4772-B364-39F11826610B}
		{B5CA4C87-2D59-47C9-9EDF-ACEC51AC7830} = {3C9DA200-7AC6-4772-B364-39F11826610B}
		{DE21D6EF-5AD7-403F-BA77-75C6527EC1F8} = {3C9DA200-7AC6-4772-B364-39F11826610B}
		{B6C1DFE0-EC09-45AA-AA0B-70BE734B65B2} = {3C9DA200-7AC6-4772-B364-39F11826610B}
		{31E492B7-3C01-482C-9B1E-CDC3AC3DDBC8} = {3C9DA200-7AC6-4772-B364-39F11826610B}
		{14163AAC-CAD7-4CD3-B3CF-CEB9BED1EDD1} = {3C9DA200-7AC6-4772-B364-39F11826610B}
		{5A3B0F84-9316-4631-B6C8-98DA76933E76} = {F76038C6-C5A9-4934-9D4E-F18F8EB6617C}
		{089C397C-C020-49C7-96EE-BF2DD1CC4B9F} = {F76038C6-C5A9-4934-9D4E-F18F8EB6617C}
		{4B969960-6E9F-449F-AB11-1513AE3EC434} = {F76038C6-C5A9-4934-9D4E-F18F8EB6617C}
		{3B0B116D-79AB-45FF-A099-CCD79E20F8A7} = {F76038C6-C5A9-4934-9D4E-F18F8EB6617C}
		{F4144303-13FB-4CB5-BD50-F45D8BDBA8C8} = {F76038C6-C5A9-4934-9D4E-F18F8EB6617C}
		{842FB6A2-FFAE-448F-B93E-85EB2CD26C6A} = {F76038C6-C5A9-4934-9D4E-F18F8EB6617C}
		{D9492011-B43F-4A19-B1A3-BCDE24529E5B} = {F76038C6-C5A9-4934-9D4E-F18F8EB6617C}
		{CA71923E-17D4-4221-ADF1-6EC2AACE96FC} = {F76038C6-C5A9-4934-9D4E-F18F8EB6617C}
		{D09DEC9E-46F8-48E9-8E0F-4BA27EC8E1E1} = {2528368A-CBC0-4FA1-87D5-344C6D098816}
	EndGlobalSection
	GlobalSection(ExtensibilityGlobals) = postSolution
		SolutionGuid = {FE54D2BA-A1A2-4F80-B05B-CFA6FA32BD87}
	EndGlobalSection
EndGlobal
