
Microsoft Visual Studio Solution File, Format Version 12.00
# Visual Studio Version 17
VisualStudioVersion = 17.9.34622.214
MinimumVisualStudioVersion = 10.0.40219.1
Project("{2150E333-8FDC-42A3-9474-1A3956D46DE8}") = "Labs", "Labs", "{3551190F-391D-4A4D-8CEA-1CF7687F6FCD}"
EndProject
Project("{9A19103F-16F7-4668-BE54-9A1E7A4F7556}") = "Clock", "Labs\Clock\Clock.csproj", "{88F9082E-291B-435D-BDC9-4A2A652FDD2F}"
EndProject
Project("{9A19103F-16F7-4668-BE54-9A1E7A4F7556}") = "MultiplicationTable", "Labs\MultiplicationTable\MultiplicationTable.csproj", "{14E99D79-CBD8-4EB2-9077-209C20C5491A}"
EndProject
Project("{9A19103F-16F7-4668-BE54-9A1E7A4F7556}") = "Combinations", "Labs\Combinations\Combinations.csproj", "{026504D6-11BD-4E7D-801E-2AB922D90993}"
EndProject
Project("{9A19103F-16F7-4668-BE54-9A1E7A4F7556}") = "SumOfTwoNumbers", "Labs\SumOfTwoNumbers\SumOfTwoNumbers.csproj", "{73876103-D614-4402-9AD4-A0BA1C44B3E4}"
EndProject
Project("{9A19103F-16F7-4668-BE54-9A1E7A4F7556}") = "Travelling", "Labs\Travelling\Travelling.csproj", "{07BD9D73-84D7-4580-9C9C-8416DCF4599F}"
EndProject
Project("{9A19103F-16F7-4668-BE54-9A1E7A4F7556}") = "Building", "Labs\Building\Building.csproj", "{98B8E25C-8633-4204-B99B-5206B32BBC9C}"
EndProject
Project("{2150E333-8FDC-42A3-9474-1A3956D46DE8}") = "Exercises", "Exercises", "{42338B34-664A-4610-A18C-AE58ECD588FB}"
EndProject
Project("{FAE04EC0-301F-11D3-BF4B-00C04F79EFBC}") = "NumberPyramid", "Exercises\NumberPyramid\NumberPyramid.csproj", "{7FD7749E-0B49-4F06-8576-E096FF5EB260}"
EndProject
Project("{FAE04EC0-301F-11D3-BF4B-00C04F79EFBC}") = "EqualSumsEvenOddPosition", "Exercises\EqualSumsEvenOddPosition\EqualSumsEvenOddPosition.csproj", "{0B65FF38-3EB0-44EE-A4B4-0BA9F9DDF383}"
EndProject
Project("{FAE04EC0-301F-11D3-BF4B-00C04F79EFBC}") = "SumPrimeNonPrime", "Exercises\SumPrimeNonPrime\SumPrimeNonPrime.csproj", "{BF8EAD2B-4976-4FCF-9E06-AA966D01378B}"
EndProject
Project("{FAE04EC0-301F-11D3-BF4B-00C04F79EFBC}") = "TrainTheTrainers", "Exercises\TrainTheTrainers\TrainTheTrainers.csproj", "{EADC944C-86B0-423D-BE38-839F7E8A1FD9}"
EndProject
Project("{FAE04EC0-301F-11D3-BF4B-00C04F79EFBC}") = "SpecialNumbers", "Exercises\SpecialNumbers\SpecialNumbers.csproj", "{F2E7BA0A-B516-4BAA-BBAF-01A4133C694F}"
EndProject
Project("{FAE04EC0-301F-11D3-BF4B-00C04F79EFBC}") = "CinemaTickets", "Exercises\CinemaTickets\CinemaTickets.csproj", "{7B767B17-B679-4F91-8FA4-613B81D8B798}"
EndProject
Global
	GlobalSection(SolutionConfigurationPlatforms) = preSolution
		Debug|Any CPU = Debug|Any CPU
		Release|Any CPU = Release|Any CPU
	EndGlobalSection
	GlobalSection(ProjectConfigurationPlatforms) = postSolution
		{88F9082E-291B-435D-BDC9-4A2A652FDD2F}.Debug|Any CPU.ActiveCfg = Debug|Any CPU
		{88F9082E-291B-435D-BDC9-4A2A652FDD2F}.Debug|Any CPU.Build.0 = Debug|Any CPU
		{88F9082E-291B-435D-BDC9-4A2A652FDD2F}.Release|Any CPU.ActiveCfg = Release|Any CPU
		{88F9082E-291B-435D-BDC9-4A2A652FDD2F}.Release|Any CPU.Build.0 = Release|Any CPU
		{14E99D79-CBD8-4EB2-9077-209C20C5491A}.Debug|Any CPU.ActiveCfg = Debug|Any CPU
		{14E99D79-CBD8-4EB2-9077-209C20C5491A}.Debug|Any CPU.Build.0 = Debug|Any CPU
		{14E99D79-CBD8-4EB2-9077-209C20C5491A}.Release|Any CPU.ActiveCfg = Release|Any CPU
		{14E99D79-CBD8-4EB2-9077-209C20C5491A}.Release|Any CPU.Build.0 = Release|Any CPU
		{026504D6-11BD-4E7D-801E-2AB922D90993}.Debug|Any CPU.ActiveCfg = Debug|Any CPU
		{026504D6-11BD-4E7D-801E-2AB922D90993}.Debug|Any CPU.Build.0 = Debug|Any CPU
		{026504D6-11BD-4E7D-801E-2AB922D90993}.Release|Any CPU.ActiveCfg = Release|Any CPU
		{026504D6-11BD-4E7D-801E-2AB922D90993}.Release|Any CPU.Build.0 = Release|Any CPU
		{73876103-D614-4402-9AD4-A0BA1C44B3E4}.Debug|Any CPU.ActiveCfg = Debug|Any CPU
		{73876103-D614-4402-9AD4-A0BA1C44B3E4}.Debug|Any CPU.Build.0 = Debug|Any CPU
		{73876103-D614-4402-9AD4-A0BA1C44B3E4}.Release|Any CPU.ActiveCfg = Release|Any CPU
		{73876103-D614-4402-9AD4-A0BA1C44B3E4}.Release|Any CPU.Build.0 = Release|Any CPU
		{07BD9D73-84D7-4580-9C9C-8416DCF4599F}.Debug|Any CPU.ActiveCfg = Debug|Any CPU
		{07BD9D73-84D7-4580-9C9C-8416DCF4599F}.Debug|Any CPU.Build.0 = Debug|Any CPU
		{07BD9D73-84D7-4580-9C9C-8416DCF4599F}.Release|Any CPU.ActiveCfg = Release|Any CPU
		{07BD9D73-84D7-4580-9C9C-8416DCF4599F}.Release|Any CPU.Build.0 = Release|Any CPU
		{98B8E25C-8633-4204-B99B-5206B32BBC9C}.Debug|Any CPU.ActiveCfg = Debug|Any CPU
		{98B8E25C-8633-4204-B99B-5206B32BBC9C}.Debug|Any CPU.Build.0 = Debug|Any CPU
		{98B8E25C-8633-4204-B99B-5206B32BBC9C}.Release|Any CPU.ActiveCfg = Release|Any CPU
		{98B8E25C-8633-4204-B99B-5206B32BBC9C}.Release|Any CPU.Build.0 = Release|Any CPU
		{7FD7749E-0B49-4F06-8576-E096FF5EB260}.Debug|Any CPU.ActiveCfg = Debug|Any CPU
		{7FD7749E-0B49-4F06-8576-E096FF5EB260}.Debug|Any CPU.Build.0 = Debug|Any CPU
		{7FD7749E-0B49-4F06-8576-E096FF5EB260}.Release|Any CPU.ActiveCfg = Release|Any CPU
		{7FD7749E-0B49-4F06-8576-E096FF5EB260}.Release|Any CPU.Build.0 = Release|Any CPU
		{0B65FF38-3EB0-44EE-A4B4-0BA9F9DDF383}.Debug|Any CPU.ActiveCfg = Debug|Any CPU
		{0B65FF38-3EB0-44EE-A4B4-0BA9F9DDF383}.Debug|Any CPU.Build.0 = Debug|Any CPU
		{0B65FF38-3EB0-44EE-A4B4-0BA9F9DDF383}.Release|Any CPU.ActiveCfg = Release|Any CPU
		{0B65FF38-3EB0-44EE-A4B4-0BA9F9DDF383}.Release|Any CPU.Build.0 = Release|Any CPU
		{BF8EAD2B-4976-4FCF-9E06-AA966D01378B}.Debug|Any CPU.ActiveCfg = Debug|Any CPU
		{BF8EAD2B-4976-4FCF-9E06-AA966D01378B}.Debug|Any CPU.Build.0 = Debug|Any CPU
		{BF8EAD2B-4976-4FCF-9E06-AA966D01378B}.Release|Any CPU.ActiveCfg = Release|Any CPU
		{BF8EAD2B-4976-4FCF-9E06-AA966D01378B}.Release|Any CPU.Build.0 = Release|Any CPU
		{EADC944C-86B0-423D-BE38-839F7E8A1FD9}.Debug|Any CPU.ActiveCfg = Debug|Any CPU
		{EADC944C-86B0-423D-BE38-839F7E8A1FD9}.Debug|Any CPU.Build.0 = Debug|Any CPU
		{EADC944C-86B0-423D-BE38-839F7E8A1FD9}.Release|Any CPU.ActiveCfg = Release|Any CPU
		{EADC944C-86B0-423D-BE38-839F7E8A1FD9}.Release|Any CPU.Build.0 = Release|Any CPU
		{F2E7BA0A-B516-4BAA-BBAF-01A4133C694F}.Debug|Any CPU.ActiveCfg = Debug|Any CPU
		{F2E7BA0A-B516-4BAA-BBAF-01A4133C694F}.Debug|Any CPU.Build.0 = Debug|Any CPU
		{F2E7BA0A-B516-4BAA-BBAF-01A4133C694F}.Release|Any CPU.ActiveCfg = Release|Any CPU
		{F2E7BA0A-B516-4BAA-BBAF-01A4133C694F}.Release|Any CPU.Build.0 = Release|Any CPU
		{7B767B17-B679-4F91-8FA4-613B81D8B798}.Debug|Any CPU.ActiveCfg = Debug|Any CPU
		{7B767B17-B679-4F91-8FA4-613B81D8B798}.Debug|Any CPU.Build.0 = Debug|Any CPU
		{7B767B17-B679-4F91-8FA4-613B81D8B798}.Release|Any CPU.ActiveCfg = Release|Any CPU
		{7B767B17-B679-4F91-8FA4-613B81D8B798}.Release|Any CPU.Build.0 = Release|Any CPU
	EndGlobalSection
	GlobalSection(SolutionProperties) = preSolution
		HideSolutionNode = FALSE
	EndGlobalSection
	GlobalSection(NestedProjects) = preSolution
		{88F9082E-291B-435D-BDC9-4A2A652FDD2F} = {3551190F-391D-4A4D-8CEA-1CF7687F6FCD}
		{14E99D79-CBD8-4EB2-9077-209C20C5491A} = {3551190F-391D-4A4D-8CEA-1CF7687F6FCD}
		{026504D6-11BD-4E7D-801E-2AB922D90993} = {3551190F-391D-4A4D-8CEA-1CF7687F6FCD}
		{73876103-D614-4402-9AD4-A0BA1C44B3E4} = {3551190F-391D-4A4D-8CEA-1CF7687F6FCD}
		{07BD9D73-84D7-4580-9C9C-8416DCF4599F} = {3551190F-391D-4A4D-8CEA-1CF7687F6FCD}
		{98B8E25C-8633-4204-B99B-5206B32BBC9C} = {3551190F-391D-4A4D-8CEA-1CF7687F6FCD}
		{7FD7749E-0B49-4F06-8576-E096FF5EB260} = {42338B34-664A-4610-A18C-AE58ECD588FB}
		{0B65FF38-3EB0-44EE-A4B4-0BA9F9DDF383} = {42338B34-664A-4610-A18C-AE58ECD588FB}
		{BF8EAD2B-4976-4FCF-9E06-AA966D01378B} = {42338B34-664A-4610-A18C-AE58ECD588FB}
		{EADC944C-86B0-423D-BE38-839F7E8A1FD9} = {42338B34-664A-4610-A18C-AE58ECD588FB}
		{F2E7BA0A-B516-4BAA-BBAF-01A4133C694F} = {42338B34-664A-4610-A18C-AE58ECD588FB}
		{7B767B17-B679-4F91-8FA4-613B81D8B798} = {42338B34-664A-4610-A18C-AE58ECD588FB}
	EndGlobalSection
	GlobalSection(ExtensibilityGlobals) = postSolution
		SolutionGuid = {034BB333-1C61-4EAC-8D62-82CEEA3685C6}
	EndGlobalSection
EndGlobal
