
Microsoft Visual Studio Solution File, Format Version 12.00
# Visual Studio Version 17
VisualStudioVersion = 17.10.35122.118
MinimumVisualStudioVersion = 10.0.40219.1
Project("{2150E333-8FDC-42A3-9474-1A3956D46DE8}") = "Exercises", "Exercises", "{DB5303F0-7DAE-4E2A-A561-3B7266A57955}"
EndProject
Project("{9A19103F-16F7-4668-BE54-9A1E7A4F7556}") = "BalancedParenthesis", "Exercises\BalancedParenthesis\BalancedParenthesis.csproj", "{965F9195-2601-41B6-B26D-DAEB7B8D66D3}"
EndProject
Project("{9A19103F-16F7-4668-BE54-9A1E7A4F7556}") = "BasicQueueOperations", "Exercises\BasicQueueOperations\BasicQueueOperations.csproj", "{C9349AA5-8304-4562-87F1-85B3095651A8}"
EndProject
Project("{9A19103F-16F7-4668-BE54-9A1E7A4F7556}") = "BasicStackOperations", "Exercises\BasicStackOperations\BasicStackOperations.csproj", "{7441A548-A8CA-4A2D-A33C-864538E5A9FE}"
EndProject
Project("{9A19103F-16F7-4668-BE54-9A1E7A4F7556}") = "FashionBoutique", "Exercises\FashionBoutique\FashionBoutique.csproj", "{37E66173-AB2C-4719-B52A-B302A30BD2B5}"
EndProject
Project("{9A19103F-16F7-4668-BE54-9A1E7A4F7556}") = "FastFood", "Exercises\FastFood\FastFood.csproj", "{1B4837F7-9D55-4883-B1EC-59A6B4236A85}"
EndProject
Project("{9A19103F-16F7-4668-BE54-9A1E7A4F7556}") = "MaximumAndMinimumElement", "Exercises\MaximumAndMinimumElement\MaximumAndMinimumElement.csproj", "{0415F2B5-385A-4A71-8B1F-91B929BC510E}"
EndProject
Project("{9A19103F-16F7-4668-BE54-9A1E7A4F7556}") = "SimpleTextEditor", "Exercises\SimpleTextEditor\SimpleTextEditor.csproj", "{9A18CC24-1246-47CE-AB2A-7A419D621947}"
EndProject
Project("{9A19103F-16F7-4668-BE54-9A1E7A4F7556}") = "SongsQueue", "Exercises\SongsQueue\SongsQueue.csproj", "{470D0C02-00BE-49D7-AED4-9D10FF399650}"
EndProject
Project("{9A19103F-16F7-4668-BE54-9A1E7A4F7556}") = "TruckTour", "Exercises\TruckTour\TruckTour.csproj", "{88A21D6A-5D32-4A8A-99D2-DE165FF492DA}"
EndProject
Project("{FAE04EC0-301F-11D3-BF4B-00C04F79EFBC}") = "Crossroads", "Exercises\Crossroads\Crossroads.csproj", "{90EA69C5-3F4B-4DE3-B120-200E56B6512F}"
EndProject
Project("{FAE04EC0-301F-11D3-BF4B-00C04F79EFBC}") = "KeyRevolver", "Exercises\KeyRevolver\KeyRevolver.csproj", "{3E41AD22-12B4-467A-9FBD-704CDB787015}"
EndProject
Project("{FAE04EC0-301F-11D3-BF4B-00C04F79EFBC}") = "CupsAndBottles", "Exercises\CupsAndBottles\CupsAndBottles.csproj", "{15A23284-E243-4ACE-859B-90E105797C6F}"
EndProject
Project("{2150E333-8FDC-42A3-9474-1A3956D46DE8}") = "Labs", "Labs", "{02EA681E-C7D8-13C7-8484-4AC65E1B71E8}"
EndProject
Project("{FAE04EC0-301F-11D3-BF4B-00C04F79EFBC}") = "ReverseString", "Labs\ReverseString\ReverseString.csproj", "{6F906312-6972-4D13-A540-433EC0733D8A}"
EndProject
Project("{FAE04EC0-301F-11D3-BF4B-00C04F79EFBC}") = "StackSum", "Labs\StackSum\StackSum.csproj", "{28DAD555-0AE6-4BD8-8A8C-A10E250BFB2D}"
EndProject
Project("{FAE04EC0-301F-11D3-BF4B-00C04F79EFBC}") = "SimpleCalculator", "Labs\SimpleCalculator\SimpleCalculator.csproj", "{6A7E72BC-C985-4C83-B58C-D8F77B51BE3F}"
EndProject
Project("{FAE04EC0-301F-11D3-BF4B-00C04F79EFBC}") = "MatchingBrackets", "Labs\MatchingBrackets\MatchingBrackets.csproj", "{28467812-01CF-4615-A0A8-4ECAC30E6705}"
EndProject
Project("{FAE04EC0-301F-11D3-BF4B-00C04F79EFBC}") = "PrintEvenNumbers", "Labs\PrintEvenNumbers\PrintEvenNumbers.csproj", "{E8531141-3BC3-4F2C-9B7B-A2676F4FE042}"
EndProject
Project("{FAE04EC0-301F-11D3-BF4B-00C04F79EFBC}") = "Supermarket", "Labs\Supermarket\Supermarket.csproj", "{4C152368-4E55-4299-A330-A81BEA8B14AA}"
EndProject
Project("{FAE04EC0-301F-11D3-BF4B-00C04F79EFBC}") = "HotPotato", "Labs\HotPotato\HotPotato.csproj", "{1B097587-B574-4854-9928-1B8B7C250070}"
EndProject
Project("{FAE04EC0-301F-11D3-BF4B-00C04F79EFBC}") = "TrafficJam", "Labs\TrafficJam\TrafficJam.csproj", "{50A31B4E-00FF-4E25-A21A-1C84BB304548}"
EndProject
Global
	GlobalSection(SolutionConfigurationPlatforms) = preSolution
		Debug|Any CPU = Debug|Any CPU
		Release|Any CPU = Release|Any CPU
	EndGlobalSection
	GlobalSection(ProjectConfigurationPlatforms) = postSolution
		{965F9195-2601-41B6-B26D-DAEB7B8D66D3}.Debug|Any CPU.ActiveCfg = Debug|Any CPU
		{965F9195-2601-41B6-B26D-DAEB7B8D66D3}.Debug|Any CPU.Build.0 = Debug|Any CPU
		{965F9195-2601-41B6-B26D-DAEB7B8D66D3}.Release|Any CPU.ActiveCfg = Release|Any CPU
		{965F9195-2601-41B6-B26D-DAEB7B8D66D3}.Release|Any CPU.Build.0 = Release|Any CPU
		{C9349AA5-8304-4562-87F1-85B3095651A8}.Debug|Any CPU.ActiveCfg = Debug|Any CPU
		{C9349AA5-8304-4562-87F1-85B3095651A8}.Debug|Any CPU.Build.0 = Debug|Any CPU
		{C9349AA5-8304-4562-87F1-85B3095651A8}.Release|Any CPU.ActiveCfg = Release|Any CPU
		{C9349AA5-8304-4562-87F1-85B3095651A8}.Release|Any CPU.Build.0 = Release|Any CPU
		{7441A548-A8CA-4A2D-A33C-864538E5A9FE}.Debug|Any CPU.ActiveCfg = Debug|Any CPU
		{7441A548-A8CA-4A2D-A33C-864538E5A9FE}.Debug|Any CPU.Build.0 = Debug|Any CPU
		{7441A548-A8CA-4A2D-A33C-864538E5A9FE}.Release|Any CPU.ActiveCfg = Release|Any CPU
		{7441A548-A8CA-4A2D-A33C-864538E5A9FE}.Release|Any CPU.Build.0 = Release|Any CPU
		{37E66173-AB2C-4719-B52A-B302A30BD2B5}.Debug|Any CPU.ActiveCfg = Debug|Any CPU
		{37E66173-AB2C-4719-B52A-B302A30BD2B5}.Debug|Any CPU.Build.0 = Debug|Any CPU
		{37E66173-AB2C-4719-B52A-B302A30BD2B5}.Release|Any CPU.ActiveCfg = Release|Any CPU
		{37E66173-AB2C-4719-B52A-B302A30BD2B5}.Release|Any CPU.Build.0 = Release|Any CPU
		{1B4837F7-9D55-4883-B1EC-59A6B4236A85}.Debug|Any CPU.ActiveCfg = Debug|Any CPU
		{1B4837F7-9D55-4883-B1EC-59A6B4236A85}.Debug|Any CPU.Build.0 = Debug|Any CPU
		{1B4837F7-9D55-4883-B1EC-59A6B4236A85}.Release|Any CPU.ActiveCfg = Release|Any CPU
		{1B4837F7-9D55-4883-B1EC-59A6B4236A85}.Release|Any CPU.Build.0 = Release|Any CPU
		{0415F2B5-385A-4A71-8B1F-91B929BC510E}.Debug|Any CPU.ActiveCfg = Debug|Any CPU
		{0415F2B5-385A-4A71-8B1F-91B929BC510E}.Debug|Any CPU.Build.0 = Debug|Any CPU
		{0415F2B5-385A-4A71-8B1F-91B929BC510E}.Release|Any CPU.ActiveCfg = Release|Any CPU
		{0415F2B5-385A-4A71-8B1F-91B929BC510E}.Release|Any CPU.Build.0 = Release|Any CPU
		{9A18CC24-1246-47CE-AB2A-7A419D621947}.Debug|Any CPU.ActiveCfg = Debug|Any CPU
		{9A18CC24-1246-47CE-AB2A-7A419D621947}.Debug|Any CPU.Build.0 = Debug|Any CPU
		{9A18CC24-1246-47CE-AB2A-7A419D621947}.Release|Any CPU.ActiveCfg = Release|Any CPU
		{9A18CC24-1246-47CE-AB2A-7A419D621947}.Release|Any CPU.Build.0 = Release|Any CPU
		{470D0C02-00BE-49D7-AED4-9D10FF399650}.Debug|Any CPU.ActiveCfg = Debug|Any CPU
		{470D0C02-00BE-49D7-AED4-9D10FF399650}.Debug|Any CPU.Build.0 = Debug|Any CPU
		{470D0C02-00BE-49D7-AED4-9D10FF399650}.Release|Any CPU.ActiveCfg = Release|Any CPU
		{470D0C02-00BE-49D7-AED4-9D10FF399650}.Release|Any CPU.Build.0 = Release|Any CPU
		{88A21D6A-5D32-4A8A-99D2-DE165FF492DA}.Debug|Any CPU.ActiveCfg = Debug|Any CPU
		{88A21D6A-5D32-4A8A-99D2-DE165FF492DA}.Debug|Any CPU.Build.0 = Debug|Any CPU
		{88A21D6A-5D32-4A8A-99D2-DE165FF492DA}.Release|Any CPU.ActiveCfg = Release|Any CPU
		{88A21D6A-5D32-4A8A-99D2-DE165FF492DA}.Release|Any CPU.Build.0 = Release|Any CPU
		{90EA69C5-3F4B-4DE3-B120-200E56B6512F}.Debug|Any CPU.ActiveCfg = Debug|Any CPU
		{90EA69C5-3F4B-4DE3-B120-200E56B6512F}.Debug|Any CPU.Build.0 = Debug|Any CPU
		{90EA69C5-3F4B-4DE3-B120-200E56B6512F}.Release|Any CPU.ActiveCfg = Release|Any CPU
		{90EA69C5-3F4B-4DE3-B120-200E56B6512F}.Release|Any CPU.Build.0 = Release|Any CPU
		{3E41AD22-12B4-467A-9FBD-704CDB787015}.Debug|Any CPU.ActiveCfg = Debug|Any CPU
		{3E41AD22-12B4-467A-9FBD-704CDB787015}.Debug|Any CPU.Build.0 = Debug|Any CPU
		{3E41AD22-12B4-467A-9FBD-704CDB787015}.Release|Any CPU.ActiveCfg = Release|Any CPU
		{3E41AD22-12B4-467A-9FBD-704CDB787015}.Release|Any CPU.Build.0 = Release|Any CPU
		{15A23284-E243-4ACE-859B-90E105797C6F}.Debug|Any CPU.ActiveCfg = Debug|Any CPU
		{15A23284-E243-4ACE-859B-90E105797C6F}.Debug|Any CPU.Build.0 = Debug|Any CPU
		{15A23284-E243-4ACE-859B-90E105797C6F}.Release|Any CPU.ActiveCfg = Release|Any CPU
		{15A23284-E243-4ACE-859B-90E105797C6F}.Release|Any CPU.Build.0 = Release|Any CPU
		{6F906312-6972-4D13-A540-433EC0733D8A}.Debug|Any CPU.ActiveCfg = Debug|Any CPU
		{6F906312-6972-4D13-A540-433EC0733D8A}.Debug|Any CPU.Build.0 = Debug|Any CPU
		{6F906312-6972-4D13-A540-433EC0733D8A}.Release|Any CPU.ActiveCfg = Release|Any CPU
		{6F906312-6972-4D13-A540-433EC0733D8A}.Release|Any CPU.Build.0 = Release|Any CPU
		{28DAD555-0AE6-4BD8-8A8C-A10E250BFB2D}.Debug|Any CPU.ActiveCfg = Debug|Any CPU
		{28DAD555-0AE6-4BD8-8A8C-A10E250BFB2D}.Debug|Any CPU.Build.0 = Debug|Any CPU
		{28DAD555-0AE6-4BD8-8A8C-A10E250BFB2D}.Release|Any CPU.ActiveCfg = Release|Any CPU
		{28DAD555-0AE6-4BD8-8A8C-A10E250BFB2D}.Release|Any CPU.Build.0 = Release|Any CPU
		{6A7E72BC-C985-4C83-B58C-D8F77B51BE3F}.Debug|Any CPU.ActiveCfg = Debug|Any CPU
		{6A7E72BC-C985-4C83-B58C-D8F77B51BE3F}.Debug|Any CPU.Build.0 = Debug|Any CPU
		{6A7E72BC-C985-4C83-B58C-D8F77B51BE3F}.Release|Any CPU.ActiveCfg = Release|Any CPU
		{6A7E72BC-C985-4C83-B58C-D8F77B51BE3F}.Release|Any CPU.Build.0 = Release|Any CPU
		{28467812-01CF-4615-A0A8-4ECAC30E6705}.Debug|Any CPU.ActiveCfg = Debug|Any CPU
		{28467812-01CF-4615-A0A8-4ECAC30E6705}.Debug|Any CPU.Build.0 = Debug|Any CPU
		{28467812-01CF-4615-A0A8-4ECAC30E6705}.Release|Any CPU.ActiveCfg = Release|Any CPU
		{28467812-01CF-4615-A0A8-4ECAC30E6705}.Release|Any CPU.Build.0 = Release|Any CPU
		{E8531141-3BC3-4F2C-9B7B-A2676F4FE042}.Debug|Any CPU.ActiveCfg = Debug|Any CPU
		{E8531141-3BC3-4F2C-9B7B-A2676F4FE042}.Debug|Any CPU.Build.0 = Debug|Any CPU
		{E8531141-3BC3-4F2C-9B7B-A2676F4FE042}.Release|Any CPU.ActiveCfg = Release|Any CPU
		{E8531141-3BC3-4F2C-9B7B-A2676F4FE042}.Release|Any CPU.Build.0 = Release|Any CPU
		{4C152368-4E55-4299-A330-A81BEA8B14AA}.Debug|Any CPU.ActiveCfg = Debug|Any CPU
		{4C152368-4E55-4299-A330-A81BEA8B14AA}.Debug|Any CPU.Build.0 = Debug|Any CPU
		{4C152368-4E55-4299-A330-A81BEA8B14AA}.Release|Any CPU.ActiveCfg = Release|Any CPU
		{4C152368-4E55-4299-A330-A81BEA8B14AA}.Release|Any CPU.Build.0 = Release|Any CPU
		{1B097587-B574-4854-9928-1B8B7C250070}.Debug|Any CPU.ActiveCfg = Debug|Any CPU
		{1B097587-B574-4854-9928-1B8B7C250070}.Debug|Any CPU.Build.0 = Debug|Any CPU
		{1B097587-B574-4854-9928-1B8B7C250070}.Release|Any CPU.ActiveCfg = Release|Any CPU
		{1B097587-B574-4854-9928-1B8B7C250070}.Release|Any CPU.Build.0 = Release|Any CPU
		{50A31B4E-00FF-4E25-A21A-1C84BB304548}.Debug|Any CPU.ActiveCfg = Debug|Any CPU
		{50A31B4E-00FF-4E25-A21A-1C84BB304548}.Debug|Any CPU.Build.0 = Debug|Any CPU
		{50A31B4E-00FF-4E25-A21A-1C84BB304548}.Release|Any CPU.ActiveCfg = Release|Any CPU
		{50A31B4E-00FF-4E25-A21A-1C84BB304548}.Release|Any CPU.Build.0 = Release|Any CPU
	EndGlobalSection
	GlobalSection(SolutionProperties) = preSolution
		HideSolutionNode = FALSE
	EndGlobalSection
	GlobalSection(NestedProjects) = preSolution
		{965F9195-2601-41B6-B26D-DAEB7B8D66D3} = {DB5303F0-7DAE-4E2A-A561-3B7266A57955}
		{C9349AA5-8304-4562-87F1-85B3095651A8} = {DB5303F0-7DAE-4E2A-A561-3B7266A57955}
		{7441A548-A8CA-4A2D-A33C-864538E5A9FE} = {DB5303F0-7DAE-4E2A-A561-3B7266A57955}
		{37E66173-AB2C-4719-B52A-B302A30BD2B5} = {DB5303F0-7DAE-4E2A-A561-3B7266A57955}
		{1B4837F7-9D55-4883-B1EC-59A6B4236A85} = {DB5303F0-7DAE-4E2A-A561-3B7266A57955}
		{0415F2B5-385A-4A71-8B1F-91B929BC510E} = {DB5303F0-7DAE-4E2A-A561-3B7266A57955}
		{9A18CC24-1246-47CE-AB2A-7A419D621947} = {DB5303F0-7DAE-4E2A-A561-3B7266A57955}
		{470D0C02-00BE-49D7-AED4-9D10FF399650} = {DB5303F0-7DAE-4E2A-A561-3B7266A57955}
		{88A21D6A-5D32-4A8A-99D2-DE165FF492DA} = {DB5303F0-7DAE-4E2A-A561-3B7266A57955}
		{90EA69C5-3F4B-4DE3-B120-200E56B6512F} = {DB5303F0-7DAE-4E2A-A561-3B7266A57955}
		{3E41AD22-12B4-467A-9FBD-704CDB787015} = {DB5303F0-7DAE-4E2A-A561-3B7266A57955}
		{15A23284-E243-4ACE-859B-90E105797C6F} = {DB5303F0-7DAE-4E2A-A561-3B7266A57955}
		{6F906312-6972-4D13-A540-433EC0733D8A} = {02EA681E-C7D8-13C7-8484-4AC65E1B71E8}
		{28DAD555-0AE6-4BD8-8A8C-A10E250BFB2D} = {02EA681E-C7D8-13C7-8484-4AC65E1B71E8}
		{6A7E72BC-C985-4C83-B58C-D8F77B51BE3F} = {02EA681E-C7D8-13C7-8484-4AC65E1B71E8}
		{28467812-01CF-4615-A0A8-4ECAC30E6705} = {02EA681E-C7D8-13C7-8484-4AC65E1B71E8}
		{E8531141-3BC3-4F2C-9B7B-A2676F4FE042} = {02EA681E-C7D8-13C7-8484-4AC65E1B71E8}
		{4C152368-4E55-4299-A330-A81BEA8B14AA} = {02EA681E-C7D8-13C7-8484-4AC65E1B71E8}
		{1B097587-B574-4854-9928-1B8B7C250070} = {02EA681E-C7D8-13C7-8484-4AC65E1B71E8}
		{50A31B4E-00FF-4E25-A21A-1C84BB304548} = {02EA681E-C7D8-13C7-8484-4AC65E1B71E8}
	EndGlobalSection
	GlobalSection(ExtensibilityGlobals) = postSolution
		SolutionGuid = {FB42EA97-3773-4D37-AB47-C1F58D976C61}
	EndGlobalSection
EndGlobal
