
Microsoft Visual Studio Solution File, Format Version 12.00
Project("{2150E333-8FDC-42A3-9474-1A3956D46DE8}") = "Exercises", "Exercises", "{2A6DCBC6-50AA-4240-ACE4-EF80E8C32277}"
EndProject
Project("{FAE04EC0-301F-11D3-BF4B-00C04F79EFBC}") = "Database", "Exercises\Database\Database.csproj", "{05454D97-6828-43EC-8182-6560E4000335}"
EndProject
Project("{FAE04EC0-301F-11D3-BF4B-00C04F79EFBC}") = "Database.Tests", "Exercises\Database.Tests\Database.Tests.csproj", "{F24A4B1B-BC7F-40F5-ADEA-839BD10A7FB0}"
EndProject
Project("{FAE04EC0-301F-11D3-BF4B-00C04F79EFBC}") = "DatabaseExtended", "Exercises\DatabaseExtended\DatabaseExtended.csproj", "{493435B7-8B21-497C-82B5-F98BE617B14E}"
EndProject
Project("{FAE04EC0-301F-11D3-BF4B-00C04F79EFBC}") = "DatabaseExtended.Tests", "Exercises\DatabaseExtended.Tests\DatabaseExtended.Tests.csproj", "{611C0080-AB84-4A4C-A1A2-156EE3D943A7}"
EndProject
Project("{FAE04EC0-301F-11D3-BF4B-00C04F79EFBC}") = "CarManager", "Exercises\CarManager\CarManager.csproj", "{D7F558EC-82DE-44E4-A9E5-3E2931139643}"
EndProject
Project("{FAE04EC0-301F-11D3-BF4B-00C04F79EFBC}") = "CarManager.Tests", "Exercises\CarManager.Tests\CarManager.Tests.csproj", "{C521D8C6-2ED9-4008-AA9E-ADD0C3A31935}"
EndProject
Global
	GlobalSection(SolutionConfigurationPlatforms) = preSolution
		Debug|Any CPU = Debug|Any CPU
		Release|Any CPU = Release|Any CPU
	EndGlobalSection
	GlobalSection(ProjectConfigurationPlatforms) = postSolution
		{05454D97-6828-43EC-8182-6560E4000335}.Debug|Any CPU.ActiveCfg = Debug|Any CPU
		{05454D97-6828-43EC-8182-6560E4000335}.Debug|Any CPU.Build.0 = Debug|Any CPU
		{05454D97-6828-43EC-8182-6560E4000335}.Release|Any CPU.ActiveCfg = Release|Any CPU
		{05454D97-6828-43EC-8182-6560E4000335}.Release|Any CPU.Build.0 = Release|Any CPU
		{F24A4B1B-BC7F-40F5-ADEA-839BD10A7FB0}.Debug|Any CPU.ActiveCfg = Debug|Any CPU
		{F24A4B1B-BC7F-40F5-ADEA-839BD10A7FB0}.Debug|Any CPU.Build.0 = Debug|Any CPU
		{F24A4B1B-BC7F-40F5-ADEA-839BD10A7FB0}.Release|Any CPU.ActiveCfg = Release|Any CPU
		{F24A4B1B-BC7F-40F5-ADEA-839BD10A7FB0}.Release|Any CPU.Build.0 = Release|Any CPU
		{493435B7-8B21-497C-82B5-F98BE617B14E}.Debug|Any CPU.ActiveCfg = Debug|Any CPU
		{493435B7-8B21-497C-82B5-F98BE617B14E}.Debug|Any CPU.Build.0 = Debug|Any CPU
		{493435B7-8B21-497C-82B5-F98BE617B14E}.Release|Any CPU.ActiveCfg = Release|Any CPU
		{493435B7-8B21-497C-82B5-F98BE617B14E}.Release|Any CPU.Build.0 = Release|Any CPU
		{611C0080-AB84-4A4C-A1A2-156EE3D943A7}.Debug|Any CPU.ActiveCfg = Debug|Any CPU
		{611C0080-AB84-4A4C-A1A2-156EE3D943A7}.Debug|Any CPU.Build.0 = Debug|Any CPU
		{611C0080-AB84-4A4C-A1A2-156EE3D943A7}.Release|Any CPU.ActiveCfg = Release|Any CPU
		{611C0080-AB84-4A4C-A1A2-156EE3D943A7}.Release|Any CPU.Build.0 = Release|Any CPU
		{D7F558EC-82DE-44E4-A9E5-3E2931139643}.Debug|Any CPU.ActiveCfg = Debug|Any CPU
		{D7F558EC-82DE-44E4-A9E5-3E2931139643}.Debug|Any CPU.Build.0 = Debug|Any CPU
		{D7F558EC-82DE-44E4-A9E5-3E2931139643}.Release|Any CPU.ActiveCfg = Release|Any CPU
		{D7F558EC-82DE-44E4-A9E5-3E2931139643}.Release|Any CPU.Build.0 = Release|Any CPU
		{C521D8C6-2ED9-4008-AA9E-ADD0C3A31935}.Debug|Any CPU.ActiveCfg = Debug|Any CPU
		{C521D8C6-2ED9-4008-AA9E-ADD0C3A31935}.Debug|Any CPU.Build.0 = Debug|Any CPU
		{C521D8C6-2ED9-4008-AA9E-ADD0C3A31935}.Release|Any CPU.ActiveCfg = Release|Any CPU
		{C521D8C6-2ED9-4008-AA9E-ADD0C3A31935}.Release|Any CPU.Build.0 = Release|Any CPU
	EndGlobalSection
	GlobalSection(NestedProjects) = preSolution
		{05454D97-6828-43EC-8182-6560E4000335} = {2A6DCBC6-50AA-4240-ACE4-EF80E8C32277}
		{F24A4B1B-BC7F-40F5-ADEA-839BD10A7FB0} = {2A6DCBC6-50AA-4240-ACE4-EF80E8C32277}
		{493435B7-8B21-497C-82B5-F98BE617B14E} = {2A6DCBC6-50AA-4240-ACE4-EF80E8C32277}
		{611C0080-AB84-4A4C-A1A2-156EE3D943A7} = {2A6DCBC6-50AA-4240-ACE4-EF80E8C32277}
		{D7F558EC-82DE-44E4-A9E5-3E2931139643} = {2A6DCBC6-50AA-4240-ACE4-EF80E8C32277}
		{C521D8C6-2ED9-4008-AA9E-ADD0C3A31935} = {2A6DCBC6-50AA-4240-ACE4-EF80E8C32277}
	EndGlobalSection
EndGlobal
