
Microsoft Visual Studio Solution File, Format Version 12.00
# Visual Studio Version 17
VisualStudioVersion = 17.9.34622.214
MinimumVisualStudioVersion = 10.0.40219.1
Project("{FAE04EC0-301F-11D3-BF4B-00C04F79EFBC}") = "AgencyProfit", "AgencyProfit\AgencyProfit.csproj", "{ABAAC663-4A74-4AF1-A681-EFE719AF0AEC}"
EndProject
Project("{FAE04EC0-301F-11D3-BF4B-00C04F79EFBC}") = "CatWalking", "CatWalking\CatWalking.csproj", "{DF5047B4-9829-4843-8135-4C1661F48A7B}"
EndProject
Project("{FAE04EC0-301F-11D3-BF4B-00C04F79EFBC}") = "CoffeeMachine", "CoffeeMachine\CoffeeMachine.csproj", "{91300F2A-8E65-4E72-B94C-2C57980275E2}"
EndProject
Project("{FAE04EC0-301F-11D3-BF4B-00C04F79EFBC}") = "TrekkingMania", "TrekkingMania\TrekkingMania.csproj", "{B0EA2FC6-DEA4-46A2-BDB0-7E6092CDE3ED}"
EndProject
Project("{FAE04EC0-301F-11D3-BF4B-00C04F79EFBC}") = "MovieStars", "MovieStars\MovieStars.csproj", "{BE8FA4A4-6CC9-42EC-8AEE-19D2AE14576A}"
EndProject
Project("{FAE04EC0-301F-11D3-BF4B-00C04F79EFBC}") = "BasketballTournament", "BasketballTournament\BasketballTournament.csproj", "{701A93E5-5048-488B-814B-B1631E518121}"
EndProject
Global
	GlobalSection(SolutionConfigurationPlatforms) = preSolution
		Debug|Any CPU = Debug|Any CPU
		Release|Any CPU = Release|Any CPU
	EndGlobalSection
	GlobalSection(ProjectConfigurationPlatforms) = postSolution
		{ABAAC663-4A74-4AF1-A681-EFE719AF0AEC}.Debug|Any CPU.ActiveCfg = Debug|Any CPU
		{ABAAC663-4A74-4AF1-A681-EFE719AF0AEC}.Debug|Any CPU.Build.0 = Debug|Any CPU
		{ABAAC663-4A74-4AF1-A681-EFE719AF0AEC}.Release|Any CPU.ActiveCfg = Release|Any CPU
		{ABAAC663-4A74-4AF1-A681-EFE719AF0AEC}.Release|Any CPU.Build.0 = Release|Any CPU
		{DF5047B4-9829-4843-8135-4C1661F48A7B}.Debug|Any CPU.ActiveCfg = Debug|Any CPU
		{DF5047B4-9829-4843-8135-4C1661F48A7B}.Debug|Any CPU.Build.0 = Debug|Any CPU
		{DF5047B4-9829-4843-8135-4C1661F48A7B}.Release|Any CPU.ActiveCfg = Release|Any CPU
		{DF5047B4-9829-4843-8135-4C1661F48A7B}.Release|Any CPU.Build.0 = Release|Any CPU
		{91300F2A-8E65-4E72-B94C-2C57980275E2}.Debug|Any CPU.ActiveCfg = Debug|Any CPU
		{91300F2A-8E65-4E72-B94C-2C57980275E2}.Debug|Any CPU.Build.0 = Debug|Any CPU
		{91300F2A-8E65-4E72-B94C-2C57980275E2}.Release|Any CPU.ActiveCfg = Release|Any CPU
		{91300F2A-8E65-4E72-B94C-2C57980275E2}.Release|Any CPU.Build.0 = Release|Any CPU
		{B0EA2FC6-DEA4-46A2-BDB0-7E6092CDE3ED}.Debug|Any CPU.ActiveCfg = Debug|Any CPU
		{B0EA2FC6-DEA4-46A2-BDB0-7E6092CDE3ED}.Debug|Any CPU.Build.0 = Debug|Any CPU
		{B0EA2FC6-DEA4-46A2-BDB0-7E6092CDE3ED}.Release|Any CPU.ActiveCfg = Release|Any CPU
		{B0EA2FC6-DEA4-46A2-BDB0-7E6092CDE3ED}.Release|Any CPU.Build.0 = Release|Any CPU
		{BE8FA4A4-6CC9-42EC-8AEE-19D2AE14576A}.Debug|Any CPU.ActiveCfg = Debug|Any CPU
		{BE8FA4A4-6CC9-42EC-8AEE-19D2AE14576A}.Debug|Any CPU.Build.0 = Debug|Any CPU
		{BE8FA4A4-6CC9-42EC-8AEE-19D2AE14576A}.Release|Any CPU.ActiveCfg = Release|Any CPU
		{BE8FA4A4-6CC9-42EC-8AEE-19D2AE14576A}.Release|Any CPU.Build.0 = Release|Any CPU
		{701A93E5-5048-488B-814B-B1631E518121}.Debug|Any CPU.ActiveCfg = Debug|Any CPU
		{701A93E5-5048-488B-814B-B1631E518121}.Debug|Any CPU.Build.0 = Debug|Any CPU
		{701A93E5-5048-488B-814B-B1631E518121}.Release|Any CPU.ActiveCfg = Release|Any CPU
		{701A93E5-5048-488B-814B-B1631E518121}.Release|Any CPU.Build.0 = Release|Any CPU
	EndGlobalSection
	GlobalSection(SolutionProperties) = preSolution
		HideSolutionNode = FALSE
	EndGlobalSection
	GlobalSection(ExtensibilityGlobals) = postSolution
		SolutionGuid = {536F488B-7510-4B8A-B1D9-DE3123739926}
	EndGlobalSection
EndGlobal
