
Microsoft Visual Studio Solution File, Format Version 12.00
# Visual Studio Version 17
VisualStudioVersion = 17.13.35818.85 d17.13
MinimumVisualStudioVersion = 10.0.40219.1
Project("{2150E333-8FDC-42A3-9474-1A3956D46DE8}") = "Exercises", "Exercises", "{B414C66C-9DB9-4126-902A-E4F90CD7B549}"
EndProject
Project("{FAE04EC0-301F-11D3-BF4B-00C04F79EFBC}") = "Person", "Exercises\Person\Person.csproj", "{348DA914-3B42-4BFF-8A5D-5F2234CC85F4}"
EndProject
Project("{FAE04EC0-301F-11D3-BF4B-00C04F79EFBC}") = "Zoo", "Exercises\Zoo\Zoo.csproj", "{F8FBE6E1-EFA2-462C-888F-B91BD383C7BE}"
EndProject
Project("{FAE04EC0-301F-11D3-BF4B-00C04F79EFBC}") = "PlayersAndMonsters", "Exercises\PlayersAndMonsters\PlayersAndMonsters.csproj", "{E328277C-1C41-4C94-A570-BA70C2898E36}"
EndProject
Project("{FAE04EC0-301F-11D3-BF4B-00C04F79EFBC}") = "NeedForSpeed", "Exercises\NeedForSpeed\NeedForSpeed.csproj", "{86912592-D732-4794-A431-AD7921369135}"
EndProject
Project("{FAE04EC0-301F-11D3-BF4B-00C04F79EFBC}") = "Restaurant", "Exercises\Restaurant\Restaurant.csproj", "{1BD452BE-9298-4B55-BF21-77E593973A61}"
EndProject
Project("{FAE04EC0-301F-11D3-BF4B-00C04F79EFBC}") = "Animals", "Exercises\Animals\Animals.csproj", "{60C3F2E4-03A4-4BF9-97C2-A55F3855068B}"
EndProject
Project("{2150E333-8FDC-42A3-9474-1A3956D46DE8}") = "Labs", "Labs", "{02EA681E-C7D8-13C7-8484-4AC65E1B71E8}"
EndProject
Project("{FAE04EC0-301F-11D3-BF4B-00C04F79EFBC}") = "Farm", "Labs\Farm\Farm.csproj", "{431ADAE4-258C-4B20-AC68-75ECC080B32F}"
EndProject
Project("{FAE04EC0-301F-11D3-BF4B-00C04F79EFBC}") = "CustomStack", "Labs\CustomStack\CustomStack.csproj", "{12DECD5C-2AB0-41B7-980E-891202F3DEC1}"
EndProject
Project("{FAE04EC0-301F-11D3-BF4B-00C04F79EFBC}") = "CustomRandomList", "Labs\CustomRandomList\CustomRandomList.csproj", "{5C3FED7C-2475-4D5D-B824-626F7A10E679}"
EndProject
Global
	GlobalSection(SolutionConfigurationPlatforms) = preSolution
		Debug|Any CPU = Debug|Any CPU
		Release|Any CPU = Release|Any CPU
	EndGlobalSection
	GlobalSection(ProjectConfigurationPlatforms) = postSolution
		{348DA914-3B42-4BFF-8A5D-5F2234CC85F4}.Debug|Any CPU.ActiveCfg = Debug|Any CPU
		{348DA914-3B42-4BFF-8A5D-5F2234CC85F4}.Debug|Any CPU.Build.0 = Debug|Any CPU
		{348DA914-3B42-4BFF-8A5D-5F2234CC85F4}.Release|Any CPU.ActiveCfg = Release|Any CPU
		{348DA914-3B42-4BFF-8A5D-5F2234CC85F4}.Release|Any CPU.Build.0 = Release|Any CPU
		{F8FBE6E1-EFA2-462C-888F-B91BD383C7BE}.Debug|Any CPU.ActiveCfg = Debug|Any CPU
		{F8FBE6E1-EFA2-462C-888F-B91BD383C7BE}.Debug|Any CPU.Build.0 = Debug|Any CPU
		{F8FBE6E1-EFA2-462C-888F-B91BD383C7BE}.Release|Any CPU.ActiveCfg = Release|Any CPU
		{F8FBE6E1-EFA2-462C-888F-B91BD383C7BE}.Release|Any CPU.Build.0 = Release|Any CPU
		{E328277C-1C41-4C94-A570-BA70C2898E36}.Debug|Any CPU.ActiveCfg = Debug|Any CPU
		{E328277C-1C41-4C94-A570-BA70C2898E36}.Debug|Any CPU.Build.0 = Debug|Any CPU
		{E328277C-1C41-4C94-A570-BA70C2898E36}.Release|Any CPU.ActiveCfg = Release|Any CPU
		{E328277C-1C41-4C94-A570-BA70C2898E36}.Release|Any CPU.Build.0 = Release|Any CPU
		{86912592-D732-4794-A431-AD7921369135}.Debug|Any CPU.ActiveCfg = Debug|Any CPU
		{86912592-D732-4794-A431-AD7921369135}.Debug|Any CPU.Build.0 = Debug|Any CPU
		{86912592-D732-4794-A431-AD7921369135}.Release|Any CPU.ActiveCfg = Release|Any CPU
		{86912592-D732-4794-A431-AD7921369135}.Release|Any CPU.Build.0 = Release|Any CPU
		{1BD452BE-9298-4B55-BF21-77E593973A61}.Debug|Any CPU.ActiveCfg = Debug|Any CPU
		{1BD452BE-9298-4B55-BF21-77E593973A61}.Debug|Any CPU.Build.0 = Debug|Any CPU
		{1BD452BE-9298-4B55-BF21-77E593973A61}.Release|Any CPU.ActiveCfg = Release|Any CPU
		{1BD452BE-9298-4B55-BF21-77E593973A61}.Release|Any CPU.Build.0 = Release|Any CPU
		{60C3F2E4-03A4-4BF9-97C2-A55F3855068B}.Debug|Any CPU.ActiveCfg = Debug|Any CPU
		{60C3F2E4-03A4-4BF9-97C2-A55F3855068B}.Debug|Any CPU.Build.0 = Debug|Any CPU
		{60C3F2E4-03A4-4BF9-97C2-A55F3855068B}.Release|Any CPU.ActiveCfg = Release|Any CPU
		{60C3F2E4-03A4-4BF9-97C2-A55F3855068B}.Release|Any CPU.Build.0 = Release|Any CPU
		{431ADAE4-258C-4B20-AC68-75ECC080B32F}.Debug|Any CPU.ActiveCfg = Debug|Any CPU
		{431ADAE4-258C-4B20-AC68-75ECC080B32F}.Debug|Any CPU.Build.0 = Debug|Any CPU
		{431ADAE4-258C-4B20-AC68-75ECC080B32F}.Release|Any CPU.ActiveCfg = Release|Any CPU
		{431ADAE4-258C-4B20-AC68-75ECC080B32F}.Release|Any CPU.Build.0 = Release|Any CPU
		{12DECD5C-2AB0-41B7-980E-891202F3DEC1}.Debug|Any CPU.ActiveCfg = Debug|Any CPU
		{12DECD5C-2AB0-41B7-980E-891202F3DEC1}.Debug|Any CPU.Build.0 = Debug|Any CPU
		{12DECD5C-2AB0-41B7-980E-891202F3DEC1}.Release|Any CPU.ActiveCfg = Release|Any CPU
		{12DECD5C-2AB0-41B7-980E-891202F3DEC1}.Release|Any CPU.Build.0 = Release|Any CPU
		{5C3FED7C-2475-4D5D-B824-626F7A10E679}.Debug|Any CPU.ActiveCfg = Debug|Any CPU
		{5C3FED7C-2475-4D5D-B824-626F7A10E679}.Debug|Any CPU.Build.0 = Debug|Any CPU
		{5C3FED7C-2475-4D5D-B824-626F7A10E679}.Release|Any CPU.ActiveCfg = Release|Any CPU
		{5C3FED7C-2475-4D5D-B824-626F7A10E679}.Release|Any CPU.Build.0 = Release|Any CPU
	EndGlobalSection
	GlobalSection(SolutionProperties) = preSolution
		HideSolutionNode = FALSE
	EndGlobalSection
	GlobalSection(NestedProjects) = preSolution
		{348DA914-3B42-4BFF-8A5D-5F2234CC85F4} = {B414C66C-9DB9-4126-902A-E4F90CD7B549}
		{F8FBE6E1-EFA2-462C-888F-B91BD383C7BE} = {B414C66C-9DB9-4126-902A-E4F90CD7B549}
		{E328277C-1C41-4C94-A570-BA70C2898E36} = {B414C66C-9DB9-4126-902A-E4F90CD7B549}
		{86912592-D732-4794-A431-AD7921369135} = {B414C66C-9DB9-4126-902A-E4F90CD7B549}
		{1BD452BE-9298-4B55-BF21-77E593973A61} = {B414C66C-9DB9-4126-902A-E4F90CD7B549}
		{60C3F2E4-03A4-4BF9-97C2-A55F3855068B} = {B414C66C-9DB9-4126-902A-E4F90CD7B549}
		{431ADAE4-258C-4B20-AC68-75ECC080B32F} = {02EA681E-C7D8-13C7-8484-4AC65E1B71E8}
		{12DECD5C-2AB0-41B7-980E-891202F3DEC1} = {02EA681E-C7D8-13C7-8484-4AC65E1B71E8}
		{5C3FED7C-2475-4D5D-B824-626F7A10E679} = {02EA681E-C7D8-13C7-8484-4AC65E1B71E8}
	EndGlobalSection
	GlobalSection(ExtensibilityGlobals) = postSolution
		SolutionGuid = {980A9804-4A41-4ABD-803E-5E7E5122D54D}
	EndGlobalSection
EndGlobal
