
Microsoft Visual Studio Solution File, Format Version 12.00
# Visual Studio Version 17
VisualStudioVersion = 17.7.34024.191
MinimumVisualStudioVersion = 10.0.40219.1
Project("{8BC9CEB8-8B4A-11D0-8D11-00A0C91BC942}") = "Cinema", "Cinema\Cinema.vcxproj", "{34B409A1-9A84-4714-AEE8-3451175B3415}"
EndProject
Project("{8BC9CEB8-8B4A-11D0-8D11-00A0C91BC942}") = "SummerOutfit", "SummerOutfit\SummerOutfit.vcxproj", "{6162A986-87A0-4AD4-ADCC-42FD85756B33}"
EndProject
Project("{8BC9CEB8-8B4A-11D0-8D11-00A0C91BC942}") = "NewHouse", "NewHouse\NewHouse.vcxproj", "{4E1189CC-6983-4152-8717-0DDBA1D527F8}"
EndProject
Project("{8BC9CEB8-8B4A-11D0-8D11-00A0C91BC942}") = "Journey", "Journey\Journey.vcxproj", "{377B8330-0096-455E-BE7F-31CA5CD96AA3}"
EndProject
Project("{8BC9CEB8-8B4A-11D0-8D11-00A0C91BC942}") = "OperationBetweenNumbers", "OperationBetweenNumbers\OperationBetweenNumbers.vcxproj", "{B12EAFC4-F006-490D-B255-2B1A3140EB1B}"
EndProject
Project("{8BC9CEB8-8B4A-11D0-8D11-00A0C91BC942}") = "OnTimeForTheExam", "OnTimeForTheExam\OnTimeForTheExam.vcxproj", "{FC96958D-62FC-4149-B4BF-92C52F3622C9}"
EndProject
Global
	GlobalSection(SolutionConfigurationPlatforms) = preSolution
		Debug|x64 = Debug|x64
		Debug|x86 = Debug|x86
		Release|x64 = Release|x64
		Release|x86 = Release|x86
	EndGlobalSection
	GlobalSection(ProjectConfigurationPlatforms) = postSolution
		{34B409A1-9A84-4714-AEE8-3451175B3415}.Debug|x64.ActiveCfg = Debug|x64
		{34B409A1-9A84-4714-AEE8-3451175B3415}.Debug|x64.Build.0 = Debug|x64
		{34B409A1-9A84-4714-AEE8-3451175B3415}.Debug|x86.ActiveCfg = Debug|Win32
		{34B409A1-9A84-4714-AEE8-3451175B3415}.Debug|x86.Build.0 = Debug|Win32
		{34B409A1-9A84-4714-AEE8-3451175B3415}.Release|x64.ActiveCfg = Release|x64
		{34B409A1-9A84-4714-AEE8-3451175B3415}.Release|x64.Build.0 = Release|x64
		{34B409A1-9A84-4714-AEE8-3451175B3415}.Release|x86.ActiveCfg = Release|Win32
		{34B409A1-9A84-4714-AEE8-3451175B3415}.Release|x86.Build.0 = Release|Win32
		{6162A986-87A0-4AD4-ADCC-42FD85756B33}.Debug|x64.ActiveCfg = Debug|x64
		{6162A986-87A0-4AD4-ADCC-42FD85756B33}.Debug|x64.Build.0 = Debug|x64
		{6162A986-87A0-4AD4-ADCC-42FD85756B33}.Debug|x86.ActiveCfg = Debug|Win32
		{6162A986-87A0-4AD4-ADCC-42FD85756B33}.Debug|x86.Build.0 = Debug|Win32
		{6162A986-87A0-4AD4-ADCC-42FD85756B33}.Release|x64.ActiveCfg = Release|x64
		{6162A986-87A0-4AD4-ADCC-42FD85756B33}.Release|x64.Build.0 = Release|x64
		{6162A986-87A0-4AD4-ADCC-42FD85756B33}.Release|x86.ActiveCfg = Release|Win32
		{6162A986-87A0-4AD4-ADCC-42FD85756B33}.Release|x86.Build.0 = Release|Win32
		{4E1189CC-6983-4152-8717-0DDBA1D527F8}.Debug|x64.ActiveCfg = Debug|x64
		{4E1189CC-6983-4152-8717-0DDBA1D527F8}.Debug|x64.Build.0 = Debug|x64
		{4E1189CC-6983-4152-8717-0DDBA1D527F8}.Debug|x86.ActiveCfg = Debug|Win32
		{4E1189CC-6983-4152-8717-0DDBA1D527F8}.Debug|x86.Build.0 = Debug|Win32
		{4E1189CC-6983-4152-8717-0DDBA1D527F8}.Release|x64.ActiveCfg = Release|x64
		{4E1189CC-6983-4152-8717-0DDBA1D527F8}.Release|x64.Build.0 = Release|x64
		{4E1189CC-6983-4152-8717-0DDBA1D527F8}.Release|x86.ActiveCfg = Release|Win32
		{4E1189CC-6983-4152-8717-0DDBA1D527F8}.Release|x86.Build.0 = Release|Win32
		{377B8330-0096-455E-BE7F-31CA5CD96AA3}.Debug|x64.ActiveCfg = Debug|x64
		{377B8330-0096-455E-BE7F-31CA5CD96AA3}.Debug|x64.Build.0 = Debug|x64
		{377B8330-0096-455E-BE7F-31CA5CD96AA3}.Debug|x86.ActiveCfg = Debug|Win32
		{377B8330-0096-455E-BE7F-31CA5CD96AA3}.Debug|x86.Build.0 = Debug|Win32
		{377B8330-0096-455E-BE7F-31CA5CD96AA3}.Release|x64.ActiveCfg = Release|x64
		{377B8330-0096-455E-BE7F-31CA5CD96AA3}.Release|x64.Build.0 = Release|x64
		{377B8330-0096-455E-BE7F-31CA5CD96AA3}.Release|x86.ActiveCfg = Release|Win32
		{377B8330-0096-455E-BE7F-31CA5CD96AA3}.Release|x86.Build.0 = Release|Win32
		{B12EAFC4-F006-490D-B255-2B1A3140EB1B}.Debug|x64.ActiveCfg = Debug|x64
		{B12EAFC4-F006-490D-B255-2B1A3140EB1B}.Debug|x64.Build.0 = Debug|x64
		{B12EAFC4-F006-490D-B255-2B1A3140EB1B}.Debug|x86.ActiveCfg = Debug|Win32
		{B12EAFC4-F006-490D-B255-2B1A3140EB1B}.Debug|x86.Build.0 = Debug|Win32
		{B12EAFC4-F006-490D-B255-2B1A3140EB1B}.Release|x64.ActiveCfg = Release|x64
		{B12EAFC4-F006-490D-B255-2B1A3140EB1B}.Release|x64.Build.0 = Release|x64
		{B12EAFC4-F006-490D-B255-2B1A3140EB1B}.Release|x86.ActiveCfg = Release|Win32
		{B12EAFC4-F006-490D-B255-2B1A3140EB1B}.Release|x86.Build.0 = Release|Win32
		{FC96958D-62FC-4149-B4BF-92C52F3622C9}.Debug|x64.ActiveCfg = Debug|x64
		{FC96958D-62FC-4149-B4BF-92C52F3622C9}.Debug|x64.Build.0 = Debug|x64
		{FC96958D-62FC-4149-B4BF-92C52F3622C9}.Debug|x86.ActiveCfg = Debug|Win32
		{FC96958D-62FC-4149-B4BF-92C52F3622C9}.Debug|x86.Build.0 = Debug|Win32
		{FC96958D-62FC-4149-B4BF-92C52F3622C9}.Release|x64.ActiveCfg = Release|x64
		{FC96958D-62FC-4149-B4BF-92C52F3622C9}.Release|x64.Build.0 = Release|x64
		{FC96958D-62FC-4149-B4BF-92C52F3622C9}.Release|x86.ActiveCfg = Release|Win32
		{FC96958D-62FC-4149-B4BF-92C52F3622C9}.Release|x86.Build.0 = Release|Win32
	EndGlobalSection
	GlobalSection(SolutionProperties) = preSolution
		HideSolutionNode = FALSE
	EndGlobalSection
	GlobalSection(ExtensibilityGlobals) = postSolution
		SolutionGuid = {3AF10209-7410-4A5F-A067-30A00BB2666C}
	EndGlobalSection
EndGlobal
