
Microsoft Visual Studio Solution File, Format Version 12.00
# Visual Studio Version 17
VisualStudioVersion = 17.7.34024.191
MinimumVisualStudioVersion = 10.0.40219.1
Project("{8BC9CEB8-8B4A-11D0-8D11-00A0C91BC942}") = "Cinema", "Exercises\Cinema\Cinema.vcxproj", "{34B409A1-9A84-4714-AEE8-3451175B3415}"
EndProject
Project("{8BC9CEB8-8B4A-11D0-8D11-00A0C91BC942}") = "SummerOutfit", "Exercises\SummerOutfit\SummerOutfit.vcxproj", "{6162A986-87A0-4AD4-ADCC-42FD85756B33}"
EndProject
Project("{8BC9CEB8-8B4A-11D0-8D11-00A0C91BC942}") = "NewHouse", "Exercises\NewHouse\NewHouse.vcxproj", "{4E1189CC-6983-4152-8717-0DDBA1D527F8}"
EndProject
Project("{8BC9CEB8-8B4A-11D0-8D11-00A0C91BC942}") = "Journey", "Exercises\Journey\Journey.vcxproj", "{377B8330-0096-455E-BE7F-31CA5CD96AA3}"
EndProject
Project("{8BC9CEB8-8B4A-11D0-8D11-00A0C91BC942}") = "OperationBetweenNumbers", "Exercises\OperationBetweenNumbers\OperationBetweenNumbers.vcxproj", "{B12EAFC4-F006-490D-B255-2B1A3140EB1B}"
EndProject
Project("{8BC9CEB8-8B4A-11D0-8D11-00A0C91BC942}") = "OnTimeForTheExam", "Exercises\OnTimeForTheExam\OnTimeForTheExam.vcxproj", "{FC96958D-62FC-4149-B4BF-92C52F3622C9}"
EndProject
Project("{8BC9CEB8-8B4A-11D0-8D11-00A0C91BC942}") = "FishingBoat", "Exercises\FishingBoat\FishingBoat.vcxproj", "{A2DEC91E-38BB-41A5-804E-579B653915ED}"
EndProject
Project("{8BC9CEB8-8B4A-11D0-8D11-00A0C91BC942}") = "HotelRoom", "Exercises\HotelRoom\HotelRoom.vcxproj", "{A03665D3-9315-418A-AFFA-47ACF4C80E20}"
EndProject
Project("{8BC9CEB8-8B4A-11D0-8D11-00A0C91BC942}") = "SkiTrip", "Exercises\SkiTrip\SkiTrip.vcxproj", "{14B70343-42EB-4D5E-BDC1-7B45FF0F8BC7}"
EndProject
Project("{2150E333-8FDC-42A3-9474-1A3956D46DE8}") = "Labs", "Labs", "{0D1A1742-1823-4EAF-A776-7EB05900C173}"
EndProject
Project("{2150E333-8FDC-42A3-9474-1A3956D46DE8}") = "Exercises", "Exercises", "{ECC1401F-C832-4A88-837F-569CB0D48A7F}"
EndProject
Project("{8BC9CEB8-8B4A-11D0-8D11-00A0C91BC942}") = "DayOfWeek", "Labs\DayOfWeek\DayOfWeek.vcxproj", "{0F46A37D-3B34-496B-B716-62824BC04851}"
EndProject
Project("{8BC9CEB8-8B4A-11D0-8D11-00A0C91BC942}") = "WeekendOrWorkingDay", "Labs\WeekendOrWorkingDay\WeekendOrWorkingDay.vcxproj", "{3CF5636A-84BF-4162-99BE-D93EA088DDFE}"
EndProject
Project("{8BC9CEB8-8B4A-11D0-8D11-00A0C91BC942}") = "AnimalType", "Labs\AnimalType\AnimalType.vcxproj", "{6CAA33B9-86B0-4F88-A9CE-A9FAD0635273}"
EndProject
Project("{8BC9CEB8-8B4A-11D0-8D11-00A0C91BC942}") = "PersonalTitles", "Labs\PersonalTitles\PersonalTitles.vcxproj", "{BA6A2C46-E48B-48F0-B9B9-8ABED4C83842}"
EndProject
Project("{8BC9CEB8-8B4A-11D0-8D11-00A0C91BC942}") = "SmallShop", "Labs\SmallShop\SmallShop.vcxproj", "{55D9BFE9-2D32-434A-8BC5-A90C58995EB4}"
EndProject
Project("{8BC9CEB8-8B4A-11D0-8D11-00A0C91BC942}") = "NumberInRange", "Labs\NumberInRange\NumberInRange.vcxproj", "{E93E423E-2ABD-421A-AC8B-DA298FE2E21B}"
EndProject
Project("{8BC9CEB8-8B4A-11D0-8D11-00A0C91BC942}") = "WorkingHours", "Labs\WorkingHours\WorkingHours.vcxproj", "{E59CCD1A-75A1-44EB-86C2-885634E609D8}"
EndProject
Project("{8BC9CEB8-8B4A-11D0-8D11-00A0C91BC942}") = "CinemaTicket", "Labs\CinemaTicket\CinemaTicket.vcxproj", "{4CF29687-90B7-4CA9-A016-DAA6B8D8A0DD}"
EndProject
Project("{8BC9CEB8-8B4A-11D0-8D11-00A0C91BC942}") = "FruitOrVegetable", "Labs\FruitOrVegetable\FruitOrVegetable.vcxproj", "{8BE15F41-5E2B-42B6-A772-732A778B96AD}"
EndProject
Project("{8BC9CEB8-8B4A-11D0-8D11-00A0C91BC942}") = "InvalidNumber", "Labs\InvalidNumber\InvalidNumber.vcxproj", "{8228B9B9-BAC1-45E3-AF85-2E6077631985}"
EndProject
Project("{8BC9CEB8-8B4A-11D0-8D11-00A0C91BC942}") = "FruitShop", "Labs\FruitShop\FruitShop.vcxproj", "{F3E02DE7-DDD8-42D9-A98A-02105B3958C3}"
EndProject
Project("{8BC9CEB8-8B4A-11D0-8D11-00A0C91BC942}") = "TradeCommissions", "Labs\TradeCommissions\TradeCommissions.vcxproj", "{F64D64FE-31CD-4FD4-AC9B-C08DA546B3EA}"
EndProject
Global
	GlobalSection(SolutionConfigurationPlatforms) = preSolution
		Debug|x64 = Debug|x64
		Debug|x86 = Debug|x86
		Release|x64 = Release|x64
		Release|x86 = Release|x86
	EndGlobalSection
	GlobalSection(ProjectConfigurationPlatforms) = postSolution
		{34B409A1-9A84-4714-AEE8-3451175B3415}.Debug|x64.ActiveCfg = Debug|x64
		{34B409A1-9A84-4714-AEE8-3451175B3415}.Debug|x64.Build.0 = Debug|x64
		{34B409A1-9A84-4714-AEE8-3451175B3415}.Debug|x86.ActiveCfg = Debug|Win32
		{34B409A1-9A84-4714-AEE8-3451175B3415}.Debug|x86.Build.0 = Debug|Win32
		{34B409A1-9A84-4714-AEE8-3451175B3415}.Release|x64.ActiveCfg = Release|x64
		{34B409A1-9A84-4714-AEE8-3451175B3415}.Release|x64.Build.0 = Release|x64
		{34B409A1-9A84-4714-AEE8-3451175B3415}.Release|x86.ActiveCfg = Release|Win32
		{34B409A1-9A84-4714-AEE8-3451175B3415}.Release|x86.Build.0 = Release|Win32
		{6162A986-87A0-4AD4-ADCC-42FD85756B33}.Debug|x64.ActiveCfg = Debug|x64
		{6162A986-87A0-4AD4-ADCC-42FD85756B33}.Debug|x64.Build.0 = Debug|x64
		{6162A986-87A0-4AD4-ADCC-42FD85756B33}.Debug|x86.ActiveCfg = Debug|Win32
		{6162A986-87A0-4AD4-ADCC-42FD85756B33}.Debug|x86.Build.0 = Debug|Win32
		{6162A986-87A0-4AD4-ADCC-42FD85756B33}.Release|x64.ActiveCfg = Release|x64
		{6162A986-87A0-4AD4-ADCC-42FD85756B33}.Release|x64.Build.0 = Release|x64
		{6162A986-87A0-4AD4-ADCC-42FD85756B33}.Release|x86.ActiveCfg = Release|Win32
		{6162A986-87A0-4AD4-ADCC-42FD85756B33}.Release|x86.Build.0 = Release|Win32
		{4E1189CC-6983-4152-8717-0DDBA1D527F8}.Debug|x64.ActiveCfg = Debug|x64
		{4E1189CC-6983-4152-8717-0DDBA1D527F8}.Debug|x64.Build.0 = Debug|x64
		{4E1189CC-6983-4152-8717-0DDBA1D527F8}.Debug|x86.ActiveCfg = Debug|Win32
		{4E1189CC-6983-4152-8717-0DDBA1D527F8}.Debug|x86.Build.0 = Debug|Win32
		{4E1189CC-6983-4152-8717-0DDBA1D527F8}.Release|x64.ActiveCfg = Release|x64
		{4E1189CC-6983-4152-8717-0DDBA1D527F8}.Release|x64.Build.0 = Release|x64
		{4E1189CC-6983-4152-8717-0DDBA1D527F8}.Release|x86.ActiveCfg = Release|Win32
		{4E1189CC-6983-4152-8717-0DDBA1D527F8}.Release|x86.Build.0 = Release|Win32
		{377B8330-0096-455E-BE7F-31CA5CD96AA3}.Debug|x64.ActiveCfg = Debug|x64
		{377B8330-0096-455E-BE7F-31CA5CD96AA3}.Debug|x64.Build.0 = Debug|x64
		{377B8330-0096-455E-BE7F-31CA5CD96AA3}.Debug|x86.ActiveCfg = Debug|Win32
		{377B8330-0096-455E-BE7F-31CA5CD96AA3}.Debug|x86.Build.0 = Debug|Win32
		{377B8330-0096-455E-BE7F-31CA5CD96AA3}.Release|x64.ActiveCfg = Release|x64
		{377B8330-0096-455E-BE7F-31CA5CD96AA3}.Release|x64.Build.0 = Release|x64
		{377B8330-0096-455E-BE7F-31CA5CD96AA3}.Release|x86.ActiveCfg = Release|Win32
		{377B8330-0096-455E-BE7F-31CA5CD96AA3}.Release|x86.Build.0 = Release|Win32
		{B12EAFC4-F006-490D-B255-2B1A3140EB1B}.Debug|x64.ActiveCfg = Debug|x64
		{B12EAFC4-F006-490D-B255-2B1A3140EB1B}.Debug|x64.Build.0 = Debug|x64
		{B12EAFC4-F006-490D-B255-2B1A3140EB1B}.Debug|x86.ActiveCfg = Debug|Win32
		{B12EAFC4-F006-490D-B255-2B1A3140EB1B}.Debug|x86.Build.0 = Debug|Win32
		{B12EAFC4-F006-490D-B255-2B1A3140EB1B}.Release|x64.ActiveCfg = Release|x64
		{B12EAFC4-F006-490D-B255-2B1A3140EB1B}.Release|x64.Build.0 = Release|x64
		{B12EAFC4-F006-490D-B255-2B1A3140EB1B}.Release|x86.ActiveCfg = Release|Win32
		{B12EAFC4-F006-490D-B255-2B1A3140EB1B}.Release|x86.Build.0 = Release|Win32
		{FC96958D-62FC-4149-B4BF-92C52F3622C9}.Debug|x64.ActiveCfg = Debug|x64
		{FC96958D-62FC-4149-B4BF-92C52F3622C9}.Debug|x64.Build.0 = Debug|x64
		{FC96958D-62FC-4149-B4BF-92C52F3622C9}.Debug|x86.ActiveCfg = Debug|Win32
		{FC96958D-62FC-4149-B4BF-92C52F3622C9}.Debug|x86.Build.0 = Debug|Win32
		{FC96958D-62FC-4149-B4BF-92C52F3622C9}.Release|x64.ActiveCfg = Release|x64
		{FC96958D-62FC-4149-B4BF-92C52F3622C9}.Release|x64.Build.0 = Release|x64
		{FC96958D-62FC-4149-B4BF-92C52F3622C9}.Release|x86.ActiveCfg = Release|Win32
		{FC96958D-62FC-4149-B4BF-92C52F3622C9}.Release|x86.Build.0 = Release|Win32
		{A2DEC91E-38BB-41A5-804E-579B653915ED}.Debug|x64.ActiveCfg = Debug|x64
		{A2DEC91E-38BB-41A5-804E-579B653915ED}.Debug|x64.Build.0 = Debug|x64
		{A2DEC91E-38BB-41A5-804E-579B653915ED}.Debug|x86.ActiveCfg = Debug|Win32
		{A2DEC91E-38BB-41A5-804E-579B653915ED}.Debug|x86.Build.0 = Debug|Win32
		{A2DEC91E-38BB-41A5-804E-579B653915ED}.Release|x64.ActiveCfg = Release|x64
		{A2DEC91E-38BB-41A5-804E-579B653915ED}.Release|x64.Build.0 = Release|x64
		{A2DEC91E-38BB-41A5-804E-579B653915ED}.Release|x86.ActiveCfg = Release|Win32
		{A2DEC91E-38BB-41A5-804E-579B653915ED}.Release|x86.Build.0 = Release|Win32
		{A03665D3-9315-418A-AFFA-47ACF4C80E20}.Debug|x64.ActiveCfg = Debug|x64
		{A03665D3-9315-418A-AFFA-47ACF4C80E20}.Debug|x64.Build.0 = Debug|x64
		{A03665D3-9315-418A-AFFA-47ACF4C80E20}.Debug|x86.ActiveCfg = Debug|Win32
		{A03665D3-9315-418A-AFFA-47ACF4C80E20}.Debug|x86.Build.0 = Debug|Win32
		{A03665D3-9315-418A-AFFA-47ACF4C80E20}.Release|x64.ActiveCfg = Release|x64
		{A03665D3-9315-418A-AFFA-47ACF4C80E20}.Release|x64.Build.0 = Release|x64
		{A03665D3-9315-418A-AFFA-47ACF4C80E20}.Release|x86.ActiveCfg = Release|Win32
		{A03665D3-9315-418A-AFFA-47ACF4C80E20}.Release|x86.Build.0 = Release|Win32
		{14B70343-42EB-4D5E-BDC1-7B45FF0F8BC7}.Debug|x64.ActiveCfg = Debug|x64
		{14B70343-42EB-4D5E-BDC1-7B45FF0F8BC7}.Debug|x64.Build.0 = Debug|x64
		{14B70343-42EB-4D5E-BDC1-7B45FF0F8BC7}.Debug|x86.ActiveCfg = Debug|Win32
		{14B70343-42EB-4D5E-BDC1-7B45FF0F8BC7}.Debug|x86.Build.0 = Debug|Win32
		{14B70343-42EB-4D5E-BDC1-7B45FF0F8BC7}.Release|x64.ActiveCfg = Release|x64
		{14B70343-42EB-4D5E-BDC1-7B45FF0F8BC7}.Release|x64.Build.0 = Release|x64
		{14B70343-42EB-4D5E-BDC1-7B45FF0F8BC7}.Release|x86.ActiveCfg = Release|Win32
		{14B70343-42EB-4D5E-BDC1-7B45FF0F8BC7}.Release|x86.Build.0 = Release|Win32
		{0F46A37D-3B34-496B-B716-62824BC04851}.Debug|x64.ActiveCfg = Debug|x64
		{0F46A37D-3B34-496B-B716-62824BC04851}.Debug|x64.Build.0 = Debug|x64
		{0F46A37D-3B34-496B-B716-62824BC04851}.Debug|x86.ActiveCfg = Debug|Win32
		{0F46A37D-3B34-496B-B716-62824BC04851}.Debug|x86.Build.0 = Debug|Win32
		{0F46A37D-3B34-496B-B716-62824BC04851}.Release|x64.ActiveCfg = Release|x64
		{0F46A37D-3B34-496B-B716-62824BC04851}.Release|x64.Build.0 = Release|x64
		{0F46A37D-3B34-496B-B716-62824BC04851}.Release|x86.ActiveCfg = Release|Win32
		{0F46A37D-3B34-496B-B716-62824BC04851}.Release|x86.Build.0 = Release|Win32
		{3CF5636A-84BF-4162-99BE-D93EA088DDFE}.Debug|x64.ActiveCfg = Debug|x64
		{3CF5636A-84BF-4162-99BE-D93EA088DDFE}.Debug|x64.Build.0 = Debug|x64
		{3CF5636A-84BF-4162-99BE-D93EA088DDFE}.Debug|x86.ActiveCfg = Debug|Win32
		{3CF5636A-84BF-4162-99BE-D93EA088DDFE}.Debug|x86.Build.0 = Debug|Win32
		{3CF5636A-84BF-4162-99BE-D93EA088DDFE}.Release|x64.ActiveCfg = Release|x64
		{3CF5636A-84BF-4162-99BE-D93EA088DDFE}.Release|x64.Build.0 = Release|x64
		{3CF5636A-84BF-4162-99BE-D93EA088DDFE}.Release|x86.ActiveCfg = Release|Win32
		{3CF5636A-84BF-4162-99BE-D93EA088DDFE}.Release|x86.Build.0 = Release|Win32
		{6CAA33B9-86B0-4F88-A9CE-A9FAD0635273}.Debug|x64.ActiveCfg = Debug|x64
		{6CAA33B9-86B0-4F88-A9CE-A9FAD0635273}.Debug|x64.Build.0 = Debug|x64
		{6CAA33B9-86B0-4F88-A9CE-A9FAD0635273}.Debug|x86.ActiveCfg = Debug|Win32
		{6CAA33B9-86B0-4F88-A9CE-A9FAD0635273}.Debug|x86.Build.0 = Debug|Win32
		{6CAA33B9-86B0-4F88-A9CE-A9FAD0635273}.Release|x64.ActiveCfg = Release|x64
		{6CAA33B9-86B0-4F88-A9CE-A9FAD0635273}.Release|x64.Build.0 = Release|x64
		{6CAA33B9-86B0-4F88-A9CE-A9FAD0635273}.Release|x86.ActiveCfg = Release|Win32
		{6CAA33B9-86B0-4F88-A9CE-A9FAD0635273}.Release|x86.Build.0 = Release|Win32
		{BA6A2C46-E48B-48F0-B9B9-8ABED4C83842}.Debug|x64.ActiveCfg = Debug|x64
		{BA6A2C46-E48B-48F0-B9B9-8ABED4C83842}.Debug|x64.Build.0 = Debug|x64
		{BA6A2C46-E48B-48F0-B9B9-8ABED4C83842}.Debug|x86.ActiveCfg = Debug|Win32
		{BA6A2C46-E48B-48F0-B9B9-8ABED4C83842}.Debug|x86.Build.0 = Debug|Win32
		{BA6A2C46-E48B-48F0-B9B9-8ABED4C83842}.Release|x64.ActiveCfg = Release|x64
		{BA6A2C46-E48B-48F0-B9B9-8ABED4C83842}.Release|x64.Build.0 = Release|x64
		{BA6A2C46-E48B-48F0-B9B9-8ABED4C83842}.Release|x86.ActiveCfg = Release|Win32
		{BA6A2C46-E48B-48F0-B9B9-8ABED4C83842}.Release|x86.Build.0 = Release|Win32
		{55D9BFE9-2D32-434A-8BC5-A90C58995EB4}.Debug|x64.ActiveCfg = Debug|x64
		{55D9BFE9-2D32-434A-8BC5-A90C58995EB4}.Debug|x64.Build.0 = Debug|x64
		{55D9BFE9-2D32-434A-8BC5-A90C58995EB4}.Debug|x86.ActiveCfg = Debug|Win32
		{55D9BFE9-2D32-434A-8BC5-A90C58995EB4}.Debug|x86.Build.0 = Debug|Win32
		{55D9BFE9-2D32-434A-8BC5-A90C58995EB4}.Release|x64.ActiveCfg = Release|x64
		{55D9BFE9-2D32-434A-8BC5-A90C58995EB4}.Release|x64.Build.0 = Release|x64
		{55D9BFE9-2D32-434A-8BC5-A90C58995EB4}.Release|x86.ActiveCfg = Release|Win32
		{55D9BFE9-2D32-434A-8BC5-A90C58995EB4}.Release|x86.Build.0 = Release|Win32
		{E93E423E-2ABD-421A-AC8B-DA298FE2E21B}.Debug|x64.ActiveCfg = Debug|x64
		{E93E423E-2ABD-421A-AC8B-DA298FE2E21B}.Debug|x64.Build.0 = Debug|x64
		{E93E423E-2ABD-421A-AC8B-DA298FE2E21B}.Debug|x86.ActiveCfg = Debug|Win32
		{E93E423E-2ABD-421A-AC8B-DA298FE2E21B}.Debug|x86.Build.0 = Debug|Win32
		{E93E423E-2ABD-421A-AC8B-DA298FE2E21B}.Release|x64.ActiveCfg = Release|x64
		{E93E423E-2ABD-421A-AC8B-DA298FE2E21B}.Release|x64.Build.0 = Release|x64
		{E93E423E-2ABD-421A-AC8B-DA298FE2E21B}.Release|x86.ActiveCfg = Release|Win32
		{E93E423E-2ABD-421A-AC8B-DA298FE2E21B}.Release|x86.Build.0 = Release|Win32
		{E59CCD1A-75A1-44EB-86C2-885634E609D8}.Debug|x64.ActiveCfg = Debug|x64
		{E59CCD1A-75A1-44EB-86C2-885634E609D8}.Debug|x64.Build.0 = Debug|x64
		{E59CCD1A-75A1-44EB-86C2-885634E609D8}.Debug|x86.ActiveCfg = Debug|Win32
		{E59CCD1A-75A1-44EB-86C2-885634E609D8}.Debug|x86.Build.0 = Debug|Win32
		{E59CCD1A-75A1-44EB-86C2-885634E609D8}.Release|x64.ActiveCfg = Release|x64
		{E59CCD1A-75A1-44EB-86C2-885634E609D8}.Release|x64.Build.0 = Release|x64
		{E59CCD1A-75A1-44EB-86C2-885634E609D8}.Release|x86.ActiveCfg = Release|Win32
		{E59CCD1A-75A1-44EB-86C2-885634E609D8}.Release|x86.Build.0 = Release|Win32
		{4CF29687-90B7-4CA9-A016-DAA6B8D8A0DD}.Debug|x64.ActiveCfg = Debug|x64
		{4CF29687-90B7-4CA9-A016-DAA6B8D8A0DD}.Debug|x64.Build.0 = Debug|x64
		{4CF29687-90B7-4CA9-A016-DAA6B8D8A0DD}.Debug|x86.ActiveCfg = Debug|Win32
		{4CF29687-90B7-4CA9-A016-DAA6B8D8A0DD}.Debug|x86.Build.0 = Debug|Win32
		{4CF29687-90B7-4CA9-A016-DAA6B8D8A0DD}.Release|x64.ActiveCfg = Release|x64
		{4CF29687-90B7-4CA9-A016-DAA6B8D8A0DD}.Release|x64.Build.0 = Release|x64
		{4CF29687-90B7-4CA9-A016-DAA6B8D8A0DD}.Release|x86.ActiveCfg = Release|Win32
		{4CF29687-90B7-4CA9-A016-DAA6B8D8A0DD}.Release|x86.Build.0 = Release|Win32
		{8BE15F41-5E2B-42B6-A772-732A778B96AD}.Debug|x64.ActiveCfg = Debug|x64
		{8BE15F41-5E2B-42B6-A772-732A778B96AD}.Debug|x64.Build.0 = Debug|x64
		{8BE15F41-5E2B-42B6-A772-732A778B96AD}.Debug|x86.ActiveCfg = Debug|Win32
		{8BE15F41-5E2B-42B6-A772-732A778B96AD}.Debug|x86.Build.0 = Debug|Win32
		{8BE15F41-5E2B-42B6-A772-732A778B96AD}.Release|x64.ActiveCfg = Release|x64
		{8BE15F41-5E2B-42B6-A772-732A778B96AD}.Release|x64.Build.0 = Release|x64
		{8BE15F41-5E2B-42B6-A772-732A778B96AD}.Release|x86.ActiveCfg = Release|Win32
		{8BE15F41-5E2B-42B6-A772-732A778B96AD}.Release|x86.Build.0 = Release|Win32
		{8228B9B9-BAC1-45E3-AF85-2E6077631985}.Debug|x64.ActiveCfg = Debug|x64
		{8228B9B9-BAC1-45E3-AF85-2E6077631985}.Debug|x64.Build.0 = Debug|x64
		{8228B9B9-BAC1-45E3-AF85-2E6077631985}.Debug|x86.ActiveCfg = Debug|Win32
		{8228B9B9-BAC1-45E3-AF85-2E6077631985}.Debug|x86.Build.0 = Debug|Win32
		{8228B9B9-BAC1-45E3-AF85-2E6077631985}.Release|x64.ActiveCfg = Release|x64
		{8228B9B9-BAC1-45E3-AF85-2E6077631985}.Release|x64.Build.0 = Release|x64
		{8228B9B9-BAC1-45E3-AF85-2E6077631985}.Release|x86.ActiveCfg = Release|Win32
		{8228B9B9-BAC1-45E3-AF85-2E6077631985}.Release|x86.Build.0 = Release|Win32
		{F3E02DE7-DDD8-42D9-A98A-02105B3958C3}.Debug|x64.ActiveCfg = Debug|x64
		{F3E02DE7-DDD8-42D9-A98A-02105B3958C3}.Debug|x64.Build.0 = Debug|x64
		{F3E02DE7-DDD8-42D9-A98A-02105B3958C3}.Debug|x86.ActiveCfg = Debug|Win32
		{F3E02DE7-DDD8-42D9-A98A-02105B3958C3}.Debug|x86.Build.0 = Debug|Win32
		{F3E02DE7-DDD8-42D9-A98A-02105B3958C3}.Release|x64.ActiveCfg = Release|x64
		{F3E02DE7-DDD8-42D9-A98A-02105B3958C3}.Release|x64.Build.0 = Release|x64
		{F3E02DE7-DDD8-42D9-A98A-02105B3958C3}.Release|x86.ActiveCfg = Release|Win32
		{F3E02DE7-DDD8-42D9-A98A-02105B3958C3}.Release|x86.Build.0 = Release|Win32
		{F64D64FE-31CD-4FD4-AC9B-C08DA546B3EA}.Debug|x64.ActiveCfg = Debug|x64
		{F64D64FE-31CD-4FD4-AC9B-C08DA546B3EA}.Debug|x64.Build.0 = Debug|x64
		{F64D64FE-31CD-4FD4-AC9B-C08DA546B3EA}.Debug|x86.ActiveCfg = Debug|Win32
		{F64D64FE-31CD-4FD4-AC9B-C08DA546B3EA}.Debug|x86.Build.0 = Debug|Win32
		{F64D64FE-31CD-4FD4-AC9B-C08DA546B3EA}.Release|x64.ActiveCfg = Release|x64
		{F64D64FE-31CD-4FD4-AC9B-C08DA546B3EA}.Release|x64.Build.0 = Release|x64
		{F64D64FE-31CD-4FD4-AC9B-C08DA546B3EA}.Release|x86.ActiveCfg = Release|Win32
		{F64D64FE-31CD-4FD4-AC9B-C08DA546B3EA}.Release|x86.Build.0 = Release|Win32
	EndGlobalSection
	GlobalSection(SolutionProperties) = preSolution
		HideSolutionNode = FALSE
	EndGlobalSection
	GlobalSection(NestedProjects) = preSolution
		{34B409A1-9A84-4714-AEE8-3451175B3415} = {ECC1401F-C832-4A88-837F-569CB0D48A7F}
		{6162A986-87A0-4AD4-ADCC-42FD85756B33} = {ECC1401F-C832-4A88-837F-569CB0D48A7F}
		{4E1189CC-6983-4152-8717-0DDBA1D527F8} = {ECC1401F-C832-4A88-837F-569CB0D48A7F}
		{377B8330-0096-455E-BE7F-31CA5CD96AA3} = {ECC1401F-C832-4A88-837F-569CB0D48A7F}
		{B12EAFC4-F006-490D-B255-2B1A3140EB1B} = {ECC1401F-C832-4A88-837F-569CB0D48A7F}
		{FC96958D-62FC-4149-B4BF-92C52F3622C9} = {ECC1401F-C832-4A88-837F-569CB0D48A7F}
		{A2DEC91E-38BB-41A5-804E-579B653915ED} = {ECC1401F-C832-4A88-837F-569CB0D48A7F}
		{A03665D3-9315-418A-AFFA-47ACF4C80E20} = {ECC1401F-C832-4A88-837F-569CB0D48A7F}
		{14B70343-42EB-4D5E-BDC1-7B45FF0F8BC7} = {ECC1401F-C832-4A88-837F-569CB0D48A7F}
		{0F46A37D-3B34-496B-B716-62824BC04851} = {0D1A1742-1823-4EAF-A776-7EB05900C173}
		{3CF5636A-84BF-4162-99BE-D93EA088DDFE} = {0D1A1742-1823-4EAF-A776-7EB05900C173}
		{6CAA33B9-86B0-4F88-A9CE-A9FAD0635273} = {0D1A1742-1823-4EAF-A776-7EB05900C173}
		{BA6A2C46-E48B-48F0-B9B9-8ABED4C83842} = {0D1A1742-1823-4EAF-A776-7EB05900C173}
		{55D9BFE9-2D32-434A-8BC5-A90C58995EB4} = {0D1A1742-1823-4EAF-A776-7EB05900C173}
		{E93E423E-2ABD-421A-AC8B-DA298FE2E21B} = {0D1A1742-1823-4EAF-A776-7EB05900C173}
		{E59CCD1A-75A1-44EB-86C2-885634E609D8} = {0D1A1742-1823-4EAF-A776-7EB05900C173}
		{4CF29687-90B7-4CA9-A016-DAA6B8D8A0DD} = {0D1A1742-1823-4EAF-A776-7EB05900C173}
		{8BE15F41-5E2B-42B6-A772-732A778B96AD} = {0D1A1742-1823-4EAF-A776-7EB05900C173}
		{8228B9B9-BAC1-45E3-AF85-2E6077631985} = {0D1A1742-1823-4EAF-A776-7EB05900C173}
		{F3E02DE7-DDD8-42D9-A98A-02105B3958C3} = {0D1A1742-1823-4EAF-A776-7EB05900C173}
		{F64D64FE-31CD-4FD4-AC9B-C08DA546B3EA} = {0D1A1742-1823-4EAF-A776-7EB05900C173}
	EndGlobalSection
	GlobalSection(ExtensibilityGlobals) = postSolution
		SolutionGuid = {3AF10209-7410-4A5F-A067-30A00BB2666C}
	EndGlobalSection
EndGlobal
